
Microsoft Visual Studio Solution File, Format Version 12.00
# Visual Studio Version 16
VisualStudioVersion = 16.0.30128.74
MinimumVisualStudioVersion = 10.0.40219.1
Project("{8BC9CEB8-8B4A-11D0-8D11-00A0C91BC942}") = "画一个圆", "hello\hello.vcxproj", "{1CFBE273-4EEA-4787-964F-DF20C45DDF10}"
EndProject
Project("{8BC9CEB8-8B4A-11D0-8D11-00A0C91BC942}") = "模仿微信跳一跳", "模仿微信跳一跳\模仿微信跳一跳.vcxproj", "{44E78B28-AC7C-41D4-94C6-B98AACB3F7E8}"
EndProject
Project("{8BC9CEB8-8B4A-11D0-8D11-00A0C91BC942}") = "数独", "数独\数独.vcxproj", "{671DD0F8-78CB-4510-83F0-4E922861F49A}"
EndProject
Project("{8BC9CEB8-8B4A-11D0-8D11-00A0C91BC942}") = "例题多面体旋转", "例题多面体旋转\例题多面体旋转.vcxproj", "{3C34A159-48BA-43FA-8B5D-9F1E23B335C4}"
EndProject
Project("{8BC9CEB8-8B4A-11D0-8D11-00A0C91BC942}") = "支持 Alpha 信息图片最近邻内插", "支持 Alpha 信息图片最近邻内插\支持 Alpha 信息图片最近邻内插.vcxproj", "{A62B8F97-E317-443F-8E93-4778A40FE845}"
EndProject
Project("{8BC9CEB8-8B4A-11D0-8D11-00A0C91BC942}") = "射击游戏", "射击游戏\射击游戏.vcxproj", "{817139ED-364A-4D9A-B4A1-2756E506C82A}"
EndProject
Project("{8BC9CEB8-8B4A-11D0-8D11-00A0C91BC942}") = "围住神经猫", "围住神经猫\围住神经猫.vcxproj", "{3E3C2BBC-7A21-43F3-AEF5-D1D91339F127}"
EndProject
Project("{8BC9CEB8-8B4A-11D0-8D11-00A0C91BC942}") = "弹幕躲避", "弹幕躲避\弹幕躲避.vcxproj", "{E7685DB8-6584-43A0-A000-14140256813C}"
EndProject
Project("{8BC9CEB8-8B4A-11D0-8D11-00A0C91BC942}") = "诺基亚经典贪吃蛇", "诺基亚经典贪吃蛇\诺基亚经典贪吃蛇.vcxproj", "{356159DC-EEF2-4A9C-916B-548328BF72F7}"
EndProject
Project("{8BC9CEB8-8B4A-11D0-8D11-00A0C91BC942}") = "老年贪吃蛇", "老年贪吃蛇\老年贪吃蛇.vcxproj", "{D8376FD4-5A32-4644-BB27-69C6D0159431}"
EndProject
Project("{8BC9CEB8-8B4A-11D0-8D11-00A0C91BC942}") = "博弈五子棋（人机对战）算法改进", "博弈五子棋（人机对战）算法改进\博弈五子棋（人机对战）算法改进.vcxproj", "{A88A629B-6ABD-4AA2-A65F-11804757BF37}"
EndProject
Project("{8BC9CEB8-8B4A-11D0-8D11-00A0C91BC942}") = "猪圈密码", "猪圈密码\猪圈密码.vcxproj", "{B42131B8-9C20-4D0E-BAFE-6C33CD1F4821}"
EndProject
Project("{8BC9CEB8-8B4A-11D0-8D11-00A0C91BC942}") = "毕达哥拉斯树（Pythagoras-tree）", "毕达哥拉斯树（Pythagoras-tree）\毕达哥拉斯树（Pythagoras-tree）.vcxproj", "{A4DF9ABF-CE1F-4C67-A28B-64BAEAF44BBB}"
EndProject
Project("{8BC9CEB8-8B4A-11D0-8D11-00A0C91BC942}") = "数独辅助器", "数独辅助器\数独辅助器.vcxproj", "{B292A1A6-B394-4025-BDF4-A380F65151ED}"
EndProject
Project("{8BC9CEB8-8B4A-11D0-8D11-00A0C91BC942}") = "TIN 三角网的生成", "TIN 三角网的生成\TIN 三角网的生成.vcxproj", "{7BDBF678-2206-4A71-AA3A-B7B40249FB01}"
EndProject
Project("{8BC9CEB8-8B4A-11D0-8D11-00A0C91BC942}") = "烟花", "烟花\烟花.vcxproj", "{03DCD76D-C1B1-4565-8E66-26CC222F96CA}"
EndProject
Project("{8BC9CEB8-8B4A-11D0-8D11-00A0C91BC942}") = "二维天体模型", "二维天体模型\二维天体模型.vcxproj", "{BBB22CEE-68B4-4F3C-AE7D-7C67FA395D62}"
EndProject
Project("{8BC9CEB8-8B4A-11D0-8D11-00A0C91BC942}") = "热力学模拟实验（by 常数变易法）", "热力学模拟实验（by 常数变易法）\热力学模拟实验（by 常数变易法）.vcxproj", "{36E32335-6725-4AA2-9CB4-7514F04064D3}"
EndProject
Project("{8BC9CEB8-8B4A-11D0-8D11-00A0C91BC942}") = "博弈五子棋（人机对战）", "博弈五子棋（人机对战）\博弈五子棋（人机对战）.vcxproj", "{E43AED76-5197-45A0-AF55-911485F7FE33}"
EndProject
Project("{8BC9CEB8-8B4A-11D0-8D11-00A0C91BC942}") = "贪吃蛇大作战", "贪吃蛇大作战\贪吃蛇大作战.vcxproj", "{39354EA5-4A04-42EE-869E-4835C09A6450}"
EndProject
Project("{8BC9CEB8-8B4A-11D0-8D11-00A0C91BC942}") = "扫雷（WinXP 扫雷的高仿版）", "扫雷（WinXP 扫雷的高仿版）\扫雷（WinXP 扫雷的高仿版）.vcxproj", "{0AB0DFA2-FC2C-4DA1-AC6B-AE94C8EB5D50}"
EndProject
Project("{8BC9CEB8-8B4A-11D0-8D11-00A0C91BC942}") = "贪婪球 2.0（by 奶酪）", "贪婪球 2.0（by 奶酪）\贪婪球 2.0（by 奶酪）.vcxproj", "{ECDCC808-165B-4F88-8761-F2D4EF7C1724}"
EndProject
Project("{8BC9CEB8-8B4A-11D0-8D11-00A0C91BC942}") = "程序员专用的打字练习程序（by 温良）", "程序员专用的打字练习程序（by 温良）\程序员专用的打字练习程序（by 温良）.vcxproj", "{04994119-D2F0-4767-B62F-1E382378EDD6}"
EndProject
Project("{8BC9CEB8-8B4A-11D0-8D11-00A0C91BC942}") = "经典的 2048 游戏的 C++ 实现", "经典的 2048 游戏的 C++ 实现\经典的 2048 游戏的 C++ 实现.vcxproj", "{684C233A-6BEA-464E-9B93-832A317FEB87}"
EndProject
Project("{8BC9CEB8-8B4A-11D0-8D11-00A0C91BC942}") = "贪婪球（by 奶酪）", "贪婪球（by 奶酪）\贪婪球（by 奶酪）.vcxproj", "{D26BD1CD-F1B1-4951-BBA6-0C3C21CFAA43}"
EndProject
Project("{8BC9CEB8-8B4A-11D0-8D11-00A0C91BC942}") = "随机街道闪电效果", "随机街道闪电效果\随机街道闪电效果.vcxproj", "{B2D667D5-0A65-4D55-81E6-29CDEA80BC68}"
EndProject
Project("{8BC9CEB8-8B4A-11D0-8D11-00A0C91BC942}") = "迷宫（by 祝融）", "迷宫（by 祝融）\迷宫（by 祝融）.vcxproj", "{70569DF7-B92B-4807-91D2-37EA48372C28}"
EndProject
Project("{8BC9CEB8-8B4A-11D0-8D11-00A0C91BC942}") = "Rolling Ball", "Rolling Ball\Rolling Ball.vcxproj", "{338FAA34-8FAE-4C45-9D69-10AE932B9442}"
EndProject
Project("{8BC9CEB8-8B4A-11D0-8D11-00A0C91BC942}") = "兰顿蚂蚁", "兰顿蚂蚁\兰顿蚂蚁.vcxproj", "{82701B05-CCD2-4872-A355-4B16247C30CA}"
EndProject
Project("{8BC9CEB8-8B4A-11D0-8D11-00A0C91BC942}") = "基于 EasyX 的实时信号绘制工具（by Ephemeroptera）", "基于 EasyX 的实时信号绘制工具（by Ephemeroptera）\基于 EasyX 的实时信号绘制工具（by Ephemeroptera）.vcxproj", "{34C18C6C-69FA-4DC6-B2FA-11C0CFBEAB73}"
EndProject
Project("{8BC9CEB8-8B4A-11D0-8D11-00A0C91BC942}") = "背井离乡（by 萌新）", "背井离乡（by 萌新）\背井离乡（by 萌新）.vcxproj", "{5A3D246C-957D-4F2D-98AE-C56AF6B75964}"
EndProject
Project("{8BC9CEB8-8B4A-11D0-8D11-00A0C91BC942}") = "方块阵动画", "方块阵动画\方块阵动画.vcxproj", "{7A2C051A-0C0F-46B9-B38B-3836246F977C}"
EndProject
Project("{8BC9CEB8-8B4A-11D0-8D11-00A0C91BC942}") = "多边形万花筒动态", "多边形万花筒动态\多边形万花筒动态.vcxproj", "{74BB1137-8771-498C-B5D2-76FE91FBF224}"
EndProject
Project("{8BC9CEB8-8B4A-11D0-8D11-00A0C91BC942}") = "方块旋转动态", "方块旋转动态\方块旋转动态.vcxproj", "{6B37C407-5F24-47E7-A9C2-3865D58FD294}"
EndProject
Project("{8BC9CEB8-8B4A-11D0-8D11-00A0C91BC942}") = "镜像绘图程序：迷盘（Mirror Paint）", "镜像绘图程序：迷盘（Mirror Paint）\镜像绘图程序：迷盘（Mirror Paint）.vcxproj", "{89DC5349-80C7-46AD-B865-80773D5DB3EA}"
EndProject
Project("{8BC9CEB8-8B4A-11D0-8D11-00A0C91BC942}") = "画板（by 冰雪女神百亚）", "画板（by 冰雪女神百亚）\画板（by 冰雪女神百亚）.vcxproj", "{A3627237-0621-4E27-8507-EF7EDDF1A684}"
EndProject
Project("{8BC9CEB8-8B4A-11D0-8D11-00A0C91BC942}") = "致你的七夕礼物——3D Heart（by Nomango）", "致你的七夕礼物——3D Heart（by Nomango）\致你的七夕礼物——3D Heart（by Nomango）.vcxproj", "{74524ABC-B7D9-4420-B778-F193A698A15C}"
EndProject
Project("{8BC9CEB8-8B4A-11D0-8D11-00A0C91BC942}") = "BFS 寻路演示程序（by 光棱坦克）", "BFS 寻路演示程序（by 光棱坦克）\BFS 寻路演示程序（by 光棱坦克）.vcxproj", "{DA15A94E-D47B-4E7F-96F3-B8412D44D8DC}"
EndProject
Project("{8BC9CEB8-8B4A-11D0-8D11-00A0C91BC942}") = "2D 横向对抗射击游戏（by STF）", "2D 横向对抗射击游戏（by STF）\2D 横向对抗射击游戏（by STF）.vcxproj", "{60717A18-33E2-4B93-A9E4-2F070881E011}"
EndProject
Project("{8BC9CEB8-8B4A-11D0-8D11-00A0C91BC942}") = "用绘图语句画安卓(android)机器人", "用绘图语句画安卓(android)机器人\用绘图语句画安卓(android)机器人.vcxproj", "{2FEF24B3-3256-40E0-964D-F0461EFF5B5E}"
EndProject
Project("{8BC9CEB8-8B4A-11D0-8D11-00A0C91BC942}") = "用绘图语句画机器猫", "用绘图语句画机器猫\用绘图语句画机器猫.vcxproj", "{63F21E8F-B8AC-4907-A540-ED86603281E3}"
EndProject
Project("{8BC9CEB8-8B4A-11D0-8D11-00A0C91BC942}") = "视觉错觉艺术4", "视觉错觉艺术4\视觉错觉艺术4.vcxproj", "{01F22350-E272-4221-88B0-9142BED907AE}"
EndProject
Project("{8BC9CEB8-8B4A-11D0-8D11-00A0C91BC942}") = "视觉错觉艺术3", "视觉错觉艺术3\视觉错觉艺术3.vcxproj", "{CA241033-E350-4BD7-B221-CBC7551EF348}"
EndProject
Project("{8BC9CEB8-8B4A-11D0-8D11-00A0C91BC942}") = "[图形学] 画填充圆（基于 Bresenham 算法）", "[图形学] 画填充圆（基于 Bresenham 算法）\[图形学] 画填充圆（基于 Bresenham 算法）.vcxproj", "{F7D6334A-201F-4B6C-8004-FB4F1AEE2C00}"
EndProject
Project("{8BC9CEB8-8B4A-11D0-8D11-00A0C91BC942}") = "别踩白块儿（双人版）", "别踩白块儿（双人版）\别踩白块儿（双人版）.vcxproj", "{2217F374-967E-4B97-B8E1-6D3B6BEB24A3}"
EndProject
Project("{8BC9CEB8-8B4A-11D0-8D11-00A0C91BC942}") = "贪吃蛇（by 王垣恒）", "贪吃蛇（by 王垣恒）\贪吃蛇（by 王垣恒）.vcxproj", "{FC8BD4B8-77F1-47A4-875F-29049094F177}"
EndProject
Project("{8BC9CEB8-8B4A-11D0-8D11-00A0C91BC942}") = "多个小球在方框内的碰撞运动（by 可可）", "多个小球在方框内的碰撞运动（by 可可）\多个小球在方框内的碰撞运动（by 可可）.vcxproj", "{4D9D7B7C-B4B8-4FCA-83BE-88740B7A13DE}"
EndProject
Project("{8BC9CEB8-8B4A-11D0-8D11-00A0C91BC942}") = "视觉错觉艺术2", "视觉错觉艺术2\视觉错觉艺术2.vcxproj", "{FD27D5BC-3A30-479D-B36D-3E8BC1064216}"
EndProject
Project("{8BC9CEB8-8B4A-11D0-8D11-00A0C91BC942}") = "视觉错觉艺术1", "视觉错觉艺术1\视觉错觉艺术1.vcxproj", "{1E1C3798-4A93-461A-9311-412D46D4F900}"
EndProject
Project("{8BC9CEB8-8B4A-11D0-8D11-00A0C91BC942}") = "盒子接球（by 圣石）", "盒子接球（by 圣石）\盒子接球（by 圣石）.vcxproj", "{378803F2-4EF7-47B3-B993-B2FABBCC4210}"
EndProject
Project("{8BC9CEB8-8B4A-11D0-8D11-00A0C91BC942}") = "矿井逃生", "矿井逃生\矿井逃生.vcxproj", "{2DC5212A-B406-46CA-8026-339E204800D3}"
EndProject
Project("{8BC9CEB8-8B4A-11D0-8D11-00A0C91BC942}") = "计算任意扇形的最小包围矩形", "计算任意扇形的最小包围矩形\计算任意扇形的最小包围矩形.vcxproj", "{C6928BC8-96FB-420C-BB31-9AEF62228518}"
EndProject
Project("{8BC9CEB8-8B4A-11D0-8D11-00A0C91BC942}") = "带一盏油灯去巡视仓库", "带一盏油灯去巡视仓库\带一盏油灯去巡视仓库.vcxproj", "{5834EACE-74D1-4E7F-997F-9E19230A8D18}"
EndProject
Project("{8BC9CEB8-8B4A-11D0-8D11-00A0C91BC942}") = "AyaCrossX（十字消除游戏）（by ls9512）", "AyaCrossX（十字消除游戏）（by ls9512）\AyaCrossX（十字消除游戏）（by ls9512）.vcxproj", "{D2F5AFDC-931C-4359-A131-41CF31D2CEF1}"
EndProject
Global
	GlobalSection(SolutionConfigurationPlatforms) = preSolution
		Debug|Any CPU = Debug|Any CPU
		Debug|Mixed Platforms = Debug|Mixed Platforms
		Debug|Win32 = Debug|Win32
		Debug|x64 = Debug|x64
		Debug|x86 = Debug|x86
		Release|Any CPU = Release|Any CPU
		Release|Mixed Platforms = Release|Mixed Platforms
		Release|Win32 = Release|Win32
		Release|x64 = Release|x64
		Release|x86 = Release|x86
	EndGlobalSection
	GlobalSection(ProjectConfigurationPlatforms) = postSolution
		{1CFBE273-4EEA-4787-964F-DF20C45DDF10}.Debug|Any CPU.ActiveCfg = Debug|Win32
		{1CFBE273-4EEA-4787-964F-DF20C45DDF10}.Debug|Mixed Platforms.ActiveCfg = Debug|Win32
		{1CFBE273-4EEA-4787-964F-DF20C45DDF10}.Debug|Mixed Platforms.Build.0 = Debug|Win32
		{1CFBE273-4EEA-4787-964F-DF20C45DDF10}.Debug|Win32.ActiveCfg = Debug|Win32
		{1CFBE273-4EEA-4787-964F-DF20C45DDF10}.Debug|Win32.Build.0 = Debug|Win32
		{1CFBE273-4EEA-4787-964F-DF20C45DDF10}.Debug|x64.ActiveCfg = Debug|x64
		{1CFBE273-4EEA-4787-964F-DF20C45DDF10}.Debug|x64.Build.0 = Debug|x64
		{1CFBE273-4EEA-4787-964F-DF20C45DDF10}.Debug|x86.ActiveCfg = Debug|Win32
		{1CFBE273-4EEA-4787-964F-DF20C45DDF10}.Debug|x86.Build.0 = Debug|Win32
		{1CFBE273-4EEA-4787-964F-DF20C45DDF10}.Release|Any CPU.ActiveCfg = Release|Win32
		{1CFBE273-4EEA-4787-964F-DF20C45DDF10}.Release|Mixed Platforms.ActiveCfg = Release|Win32
		{1CFBE273-4EEA-4787-964F-DF20C45DDF10}.Release|Mixed Platforms.Build.0 = Release|Win32
		{1CFBE273-4EEA-4787-964F-DF20C45DDF10}.Release|Win32.ActiveCfg = Release|Win32
		{1CFBE273-4EEA-4787-964F-DF20C45DDF10}.Release|Win32.Build.0 = Release|Win32
		{1CFBE273-4EEA-4787-964F-DF20C45DDF10}.Release|x64.ActiveCfg = Release|x64
		{1CFBE273-4EEA-4787-964F-DF20C45DDF10}.Release|x64.Build.0 = Release|x64
		{1CFBE273-4EEA-4787-964F-DF20C45DDF10}.Release|x86.ActiveCfg = Release|Win32
		{1CFBE273-4EEA-4787-964F-DF20C45DDF10}.Release|x86.Build.0 = Release|Win32
		{44E78B28-AC7C-41D4-94C6-B98AACB3F7E8}.Debug|Any CPU.ActiveCfg = Debug|Win32
		{44E78B28-AC7C-41D4-94C6-B98AACB3F7E8}.Debug|Mixed Platforms.ActiveCfg = Debug|Win32
		{44E78B28-AC7C-41D4-94C6-B98AACB3F7E8}.Debug|Mixed Platforms.Build.0 = Debug|Win32
		{44E78B28-AC7C-41D4-94C6-B98AACB3F7E8}.Debug|Win32.ActiveCfg = Debug|Win32
		{44E78B28-AC7C-41D4-94C6-B98AACB3F7E8}.Debug|Win32.Build.0 = Debug|Win32
		{44E78B28-AC7C-41D4-94C6-B98AACB3F7E8}.Debug|x64.ActiveCfg = Debug|x64
		{44E78B28-AC7C-41D4-94C6-B98AACB3F7E8}.Debug|x64.Build.0 = Debug|x64
		{44E78B28-AC7C-41D4-94C6-B98AACB3F7E8}.Debug|x86.ActiveCfg = Debug|Win32
		{44E78B28-AC7C-41D4-94C6-B98AACB3F7E8}.Debug|x86.Build.0 = Debug|Win32
		{44E78B28-AC7C-41D4-94C6-B98AACB3F7E8}.Release|Any CPU.ActiveCfg = Release|Win32
		{44E78B28-AC7C-41D4-94C6-B98AACB3F7E8}.Release|Mixed Platforms.ActiveCfg = Release|Win32
		{44E78B28-AC7C-41D4-94C6-B98AACB3F7E8}.Release|Mixed Platforms.Build.0 = Release|Win32
		{44E78B28-AC7C-41D4-94C6-B98AACB3F7E8}.Release|Win32.ActiveCfg = Release|Win32
		{44E78B28-AC7C-41D4-94C6-B98AACB3F7E8}.Release|Win32.Build.0 = Release|Win32
		{44E78B28-AC7C-41D4-94C6-B98AACB3F7E8}.Release|x64.ActiveCfg = Release|x64
		{44E78B28-AC7C-41D4-94C6-B98AACB3F7E8}.Release|x64.Build.0 = Release|x64
		{44E78B28-AC7C-41D4-94C6-B98AACB3F7E8}.Release|x86.ActiveCfg = Release|Win32
		{44E78B28-AC7C-41D4-94C6-B98AACB3F7E8}.Release|x86.Build.0 = Release|Win32
		{671DD0F8-78CB-4510-83F0-4E922861F49A}.Debug|Any CPU.ActiveCfg = Debug|Win32
		{671DD0F8-78CB-4510-83F0-4E922861F49A}.Debug|Mixed Platforms.ActiveCfg = Debug|Win32
		{671DD0F8-78CB-4510-83F0-4E922861F49A}.Debug|Mixed Platforms.Build.0 = Debug|Win32
		{671DD0F8-78CB-4510-83F0-4E922861F49A}.Debug|Win32.ActiveCfg = Debug|Win32
		{671DD0F8-78CB-4510-83F0-4E922861F49A}.Debug|Win32.Build.0 = Debug|Win32
		{671DD0F8-78CB-4510-83F0-4E922861F49A}.Debug|x64.ActiveCfg = Debug|x64
		{671DD0F8-78CB-4510-83F0-4E922861F49A}.Debug|x64.Build.0 = Debug|x64
		{671DD0F8-78CB-4510-83F0-4E922861F49A}.Debug|x86.ActiveCfg = Debug|Win32
		{671DD0F8-78CB-4510-83F0-4E922861F49A}.Debug|x86.Build.0 = Debug|Win32
		{671DD0F8-78CB-4510-83F0-4E922861F49A}.Release|Any CPU.ActiveCfg = Release|Win32
		{671DD0F8-78CB-4510-83F0-4E922861F49A}.Release|Mixed Platforms.ActiveCfg = Release|Win32
		{671DD0F8-78CB-4510-83F0-4E922861F49A}.Release|Mixed Platforms.Build.0 = Release|Win32
		{671DD0F8-78CB-4510-83F0-4E922861F49A}.Release|Win32.ActiveCfg = Release|Win32
		{671DD0F8-78CB-4510-83F0-4E922861F49A}.Release|Win32.Build.0 = Release|Win32
		{671DD0F8-78CB-4510-83F0-4E922861F49A}.Release|x64.ActiveCfg = Release|x64
		{671DD0F8-78CB-4510-83F0-4E922861F49A}.Release|x64.Build.0 = Release|x64
		{671DD0F8-78CB-4510-83F0-4E922861F49A}.Release|x86.ActiveCfg = Release|Win32
		{671DD0F8-78CB-4510-83F0-4E922861F49A}.Release|x86.Build.0 = Release|Win32
		{3C34A159-48BA-43FA-8B5D-9F1E23B335C4}.Debug|Any CPU.ActiveCfg = Debug|Win32
		{3C34A159-48BA-43FA-8B5D-9F1E23B335C4}.Debug|Mixed Platforms.ActiveCfg = Debug|Win32
		{3C34A159-48BA-43FA-8B5D-9F1E23B335C4}.Debug|Mixed Platforms.Build.0 = Debug|Win32
		{3C34A159-48BA-43FA-8B5D-9F1E23B335C4}.Debug|Win32.ActiveCfg = Debug|Win32
		{3C34A159-48BA-43FA-8B5D-9F1E23B335C4}.Debug|Win32.Build.0 = Debug|Win32
		{3C34A159-48BA-43FA-8B5D-9F1E23B335C4}.Debug|x64.ActiveCfg = Debug|x64
		{3C34A159-48BA-43FA-8B5D-9F1E23B335C4}.Debug|x64.Build.0 = Debug|x64
		{3C34A159-48BA-43FA-8B5D-9F1E23B335C4}.Debug|x86.ActiveCfg = Debug|Win32
		{3C34A159-48BA-43FA-8B5D-9F1E23B335C4}.Debug|x86.Build.0 = Debug|Win32
		{3C34A159-48BA-43FA-8B5D-9F1E23B335C4}.Release|Any CPU.ActiveCfg = Release|Win32
		{3C34A159-48BA-43FA-8B5D-9F1E23B335C4}.Release|Mixed Platforms.ActiveCfg = Release|Win32
		{3C34A159-48BA-43FA-8B5D-9F1E23B335C4}.Release|Mixed Platforms.Build.0 = Release|Win32
		{3C34A159-48BA-43FA-8B5D-9F1E23B335C4}.Release|Win32.ActiveCfg = Release|Win32
		{3C34A159-48BA-43FA-8B5D-9F1E23B335C4}.Release|Win32.Build.0 = Release|Win32
		{3C34A159-48BA-43FA-8B5D-9F1E23B335C4}.Release|x64.ActiveCfg = Release|x64
		{3C34A159-48BA-43FA-8B5D-9F1E23B335C4}.Release|x64.Build.0 = Release|x64
		{3C34A159-48BA-43FA-8B5D-9F1E23B335C4}.Release|x86.ActiveCfg = Release|Win32
		{3C34A159-48BA-43FA-8B5D-9F1E23B335C4}.Release|x86.Build.0 = Release|Win32
		{A62B8F97-E317-443F-8E93-4778A40FE845}.Debug|Any CPU.ActiveCfg = Debug|Win32
		{A62B8F97-E317-443F-8E93-4778A40FE845}.Debug|Mixed Platforms.ActiveCfg = Debug|Win32
		{A62B8F97-E317-443F-8E93-4778A40FE845}.Debug|Mixed Platforms.Build.0 = Debug|Win32
		{A62B8F97-E317-443F-8E93-4778A40FE845}.Debug|Win32.ActiveCfg = Debug|Win32
		{A62B8F97-E317-443F-8E93-4778A40FE845}.Debug|Win32.Build.0 = Debug|Win32
		{A62B8F97-E317-443F-8E93-4778A40FE845}.Debug|x64.ActiveCfg = Debug|x64
		{A62B8F97-E317-443F-8E93-4778A40FE845}.Debug|x64.Build.0 = Debug|x64
		{A62B8F97-E317-443F-8E93-4778A40FE845}.Debug|x86.ActiveCfg = Debug|Win32
		{A62B8F97-E317-443F-8E93-4778A40FE845}.Debug|x86.Build.0 = Debug|Win32
		{A62B8F97-E317-443F-8E93-4778A40FE845}.Release|Any CPU.ActiveCfg = Release|Win32
		{A62B8F97-E317-443F-8E93-4778A40FE845}.Release|Mixed Platforms.ActiveCfg = Release|Win32
		{A62B8F97-E317-443F-8E93-4778A40FE845}.Release|Mixed Platforms.Build.0 = Release|Win32
		{A62B8F97-E317-443F-8E93-4778A40FE845}.Release|Win32.ActiveCfg = Release|Win32
		{A62B8F97-E317-443F-8E93-4778A40FE845}.Release|Win32.Build.0 = Release|Win32
		{A62B8F97-E317-443F-8E93-4778A40FE845}.Release|x64.ActiveCfg = Release|x64
		{A62B8F97-E317-443F-8E93-4778A40FE845}.Release|x64.Build.0 = Release|x64
		{A62B8F97-E317-443F-8E93-4778A40FE845}.Release|x86.ActiveCfg = Release|Win32
		{A62B8F97-E317-443F-8E93-4778A40FE845}.Release|x86.Build.0 = Release|Win32
		{817139ED-364A-4D9A-B4A1-2756E506C82A}.Debug|Any CPU.ActiveCfg = Debug|Win32
		{817139ED-364A-4D9A-B4A1-2756E506C82A}.Debug|Mixed Platforms.ActiveCfg = Debug|Win32
		{817139ED-364A-4D9A-B4A1-2756E506C82A}.Debug|Mixed Platforms.Build.0 = Debug|Win32
		{817139ED-364A-4D9A-B4A1-2756E506C82A}.Debug|Win32.ActiveCfg = Debug|Win32
		{817139ED-364A-4D9A-B4A1-2756E506C82A}.Debug|Win32.Build.0 = Debug|Win32
		{817139ED-364A-4D9A-B4A1-2756E506C82A}.Debug|x64.ActiveCfg = Debug|x64
		{817139ED-364A-4D9A-B4A1-2756E506C82A}.Debug|x64.Build.0 = Debug|x64
		{817139ED-364A-4D9A-B4A1-2756E506C82A}.Debug|x86.ActiveCfg = Debug|Win32
		{817139ED-364A-4D9A-B4A1-2756E506C82A}.Debug|x86.Build.0 = Debug|Win32
		{817139ED-364A-4D9A-B4A1-2756E506C82A}.Release|Any CPU.ActiveCfg = Release|Win32
		{817139ED-364A-4D9A-B4A1-2756E506C82A}.Release|Mixed Platforms.ActiveCfg = Release|Win32
		{817139ED-364A-4D9A-B4A1-2756E506C82A}.Release|Mixed Platforms.Build.0 = Release|Win32
		{817139ED-364A-4D9A-B4A1-2756E506C82A}.Release|Win32.ActiveCfg = Release|Win32
		{817139ED-364A-4D9A-B4A1-2756E506C82A}.Release|Win32.Build.0 = Release|Win32
		{817139ED-364A-4D9A-B4A1-2756E506C82A}.Release|x64.ActiveCfg = Release|x64
		{817139ED-364A-4D9A-B4A1-2756E506C82A}.Release|x64.Build.0 = Release|x64
		{817139ED-364A-4D9A-B4A1-2756E506C82A}.Release|x86.ActiveCfg = Release|Win32
		{817139ED-364A-4D9A-B4A1-2756E506C82A}.Release|x86.Build.0 = Release|Win32
		{3E3C2BBC-7A21-43F3-AEF5-D1D91339F127}.Debug|Any CPU.ActiveCfg = Debug|Win32
		{3E3C2BBC-7A21-43F3-AEF5-D1D91339F127}.Debug|Mixed Platforms.ActiveCfg = Debug|Win32
		{3E3C2BBC-7A21-43F3-AEF5-D1D91339F127}.Debug|Mixed Platforms.Build.0 = Debug|Win32
		{3E3C2BBC-7A21-43F3-AEF5-D1D91339F127}.Debug|Win32.ActiveCfg = Debug|Win32
		{3E3C2BBC-7A21-43F3-AEF5-D1D91339F127}.Debug|Win32.Build.0 = Debug|Win32
		{3E3C2BBC-7A21-43F3-AEF5-D1D91339F127}.Debug|x64.ActiveCfg = Debug|x64
		{3E3C2BBC-7A21-43F3-AEF5-D1D91339F127}.Debug|x64.Build.0 = Debug|x64
		{3E3C2BBC-7A21-43F3-AEF5-D1D91339F127}.Debug|x86.ActiveCfg = Debug|Win32
		{3E3C2BBC-7A21-43F3-AEF5-D1D91339F127}.Debug|x86.Build.0 = Debug|Win32
		{3E3C2BBC-7A21-43F3-AEF5-D1D91339F127}.Release|Any CPU.ActiveCfg = Release|Win32
		{3E3C2BBC-7A21-43F3-AEF5-D1D91339F127}.Release|Mixed Platforms.ActiveCfg = Release|Win32
		{3E3C2BBC-7A21-43F3-AEF5-D1D91339F127}.Release|Mixed Platforms.Build.0 = Release|Win32
		{3E3C2BBC-7A21-43F3-AEF5-D1D91339F127}.Release|Win32.ActiveCfg = Release|Win32
		{3E3C2BBC-7A21-43F3-AEF5-D1D91339F127}.Release|Win32.Build.0 = Release|Win32
		{3E3C2BBC-7A21-43F3-AEF5-D1D91339F127}.Release|x64.ActiveCfg = Release|x64
		{3E3C2BBC-7A21-43F3-AEF5-D1D91339F127}.Release|x64.Build.0 = Release|x64
		{3E3C2BBC-7A21-43F3-AEF5-D1D91339F127}.Release|x86.ActiveCfg = Release|Win32
		{3E3C2BBC-7A21-43F3-AEF5-D1D91339F127}.Release|x86.Build.0 = Release|Win32
		{E7685DB8-6584-43A0-A000-14140256813C}.Debug|Any CPU.ActiveCfg = Debug|Win32
		{E7685DB8-6584-43A0-A000-14140256813C}.Debug|Mixed Platforms.ActiveCfg = Debug|Win32
		{E7685DB8-6584-43A0-A000-14140256813C}.Debug|Mixed Platforms.Build.0 = Debug|Win32
		{E7685DB8-6584-43A0-A000-14140256813C}.Debug|Win32.ActiveCfg = Debug|Win32
		{E7685DB8-6584-43A0-A000-14140256813C}.Debug|Win32.Build.0 = Debug|Win32
		{E7685DB8-6584-43A0-A000-14140256813C}.Debug|x64.ActiveCfg = Debug|x64
		{E7685DB8-6584-43A0-A000-14140256813C}.Debug|x64.Build.0 = Debug|x64
		{E7685DB8-6584-43A0-A000-14140256813C}.Debug|x86.ActiveCfg = Debug|Win32
		{E7685DB8-6584-43A0-A000-14140256813C}.Debug|x86.Build.0 = Debug|Win32
		{E7685DB8-6584-43A0-A000-14140256813C}.Release|Any CPU.ActiveCfg = Release|Win32
		{E7685DB8-6584-43A0-A000-14140256813C}.Release|Mixed Platforms.ActiveCfg = Release|Win32
		{E7685DB8-6584-43A0-A000-14140256813C}.Release|Mixed Platforms.Build.0 = Release|Win32
		{E7685DB8-6584-43A0-A000-14140256813C}.Release|Win32.ActiveCfg = Release|Win32
		{E7685DB8-6584-43A0-A000-14140256813C}.Release|Win32.Build.0 = Release|Win32
		{E7685DB8-6584-43A0-A000-14140256813C}.Release|x64.ActiveCfg = Release|x64
		{E7685DB8-6584-43A0-A000-14140256813C}.Release|x64.Build.0 = Release|x64
		{E7685DB8-6584-43A0-A000-14140256813C}.Release|x86.ActiveCfg = Release|Win32
		{E7685DB8-6584-43A0-A000-14140256813C}.Release|x86.Build.0 = Release|Win32
		{356159DC-EEF2-4A9C-916B-548328BF72F7}.Debug|Any CPU.ActiveCfg = Debug|Win32
		{356159DC-EEF2-4A9C-916B-548328BF72F7}.Debug|Mixed Platforms.ActiveCfg = Debug|Win32
		{356159DC-EEF2-4A9C-916B-548328BF72F7}.Debug|Mixed Platforms.Build.0 = Debug|Win32
		{356159DC-EEF2-4A9C-916B-548328BF72F7}.Debug|Win32.ActiveCfg = Debug|Win32
		{356159DC-EEF2-4A9C-916B-548328BF72F7}.Debug|Win32.Build.0 = Debug|Win32
		{356159DC-EEF2-4A9C-916B-548328BF72F7}.Debug|x64.ActiveCfg = Debug|x64
		{356159DC-EEF2-4A9C-916B-548328BF72F7}.Debug|x64.Build.0 = Debug|x64
		{356159DC-EEF2-4A9C-916B-548328BF72F7}.Debug|x86.ActiveCfg = Debug|Win32
		{356159DC-EEF2-4A9C-916B-548328BF72F7}.Debug|x86.Build.0 = Debug|Win32
		{356159DC-EEF2-4A9C-916B-548328BF72F7}.Release|Any CPU.ActiveCfg = Release|Win32
		{356159DC-EEF2-4A9C-916B-548328BF72F7}.Release|Mixed Platforms.ActiveCfg = Release|Win32
		{356159DC-EEF2-4A9C-916B-548328BF72F7}.Release|Mixed Platforms.Build.0 = Release|Win32
		{356159DC-EEF2-4A9C-916B-548328BF72F7}.Release|Win32.ActiveCfg = Release|Win32
		{356159DC-EEF2-4A9C-916B-548328BF72F7}.Release|Win32.Build.0 = Release|Win32
		{356159DC-EEF2-4A9C-916B-548328BF72F7}.Release|x64.ActiveCfg = Release|x64
		{356159DC-EEF2-4A9C-916B-548328BF72F7}.Release|x64.Build.0 = Release|x64
		{356159DC-EEF2-4A9C-916B-548328BF72F7}.Release|x86.ActiveCfg = Release|Win32
		{356159DC-EEF2-4A9C-916B-548328BF72F7}.Release|x86.Build.0 = Release|Win32
		{D8376FD4-5A32-4644-BB27-69C6D0159431}.Debug|Any CPU.ActiveCfg = Debug|Win32
		{D8376FD4-5A32-4644-BB27-69C6D0159431}.Debug|Mixed Platforms.ActiveCfg = Debug|Win32
		{D8376FD4-5A32-4644-BB27-69C6D0159431}.Debug|Mixed Platforms.Build.0 = Debug|Win32
		{D8376FD4-5A32-4644-BB27-69C6D0159431}.Debug|Win32.ActiveCfg = Debug|Win32
		{D8376FD4-5A32-4644-BB27-69C6D0159431}.Debug|Win32.Build.0 = Debug|Win32
		{D8376FD4-5A32-4644-BB27-69C6D0159431}.Debug|x64.ActiveCfg = Debug|x64
		{D8376FD4-5A32-4644-BB27-69C6D0159431}.Debug|x64.Build.0 = Debug|x64
		{D8376FD4-5A32-4644-BB27-69C6D0159431}.Debug|x86.ActiveCfg = Debug|Win32
		{D8376FD4-5A32-4644-BB27-69C6D0159431}.Debug|x86.Build.0 = Debug|Win32
		{D8376FD4-5A32-4644-BB27-69C6D0159431}.Release|Any CPU.ActiveCfg = Release|Win32
		{D8376FD4-5A32-4644-BB27-69C6D0159431}.Release|Mixed Platforms.ActiveCfg = Release|Win32
		{D8376FD4-5A32-4644-BB27-69C6D0159431}.Release|Mixed Platforms.Build.0 = Release|Win32
		{D8376FD4-5A32-4644-BB27-69C6D0159431}.Release|Win32.ActiveCfg = Release|Win32
		{D8376FD4-5A32-4644-BB27-69C6D0159431}.Release|Win32.Build.0 = Release|Win32
		{D8376FD4-5A32-4644-BB27-69C6D0159431}.Release|x64.ActiveCfg = Release|x64
		{D8376FD4-5A32-4644-BB27-69C6D0159431}.Release|x64.Build.0 = Release|x64
		{D8376FD4-5A32-4644-BB27-69C6D0159431}.Release|x86.ActiveCfg = Release|Win32
		{D8376FD4-5A32-4644-BB27-69C6D0159431}.Release|x86.Build.0 = Release|Win32
		{A88A629B-6ABD-4AA2-A65F-11804757BF37}.Debug|Any CPU.ActiveCfg = Debug|Win32
		{A88A629B-6ABD-4AA2-A65F-11804757BF37}.Debug|Mixed Platforms.ActiveCfg = Debug|Win32
		{A88A629B-6ABD-4AA2-A65F-11804757BF37}.Debug|Mixed Platforms.Build.0 = Debug|Win32
		{A88A629B-6ABD-4AA2-A65F-11804757BF37}.Debug|Win32.ActiveCfg = Debug|Win32
		{A88A629B-6ABD-4AA2-A65F-11804757BF37}.Debug|Win32.Build.0 = Debug|Win32
		{A88A629B-6ABD-4AA2-A65F-11804757BF37}.Debug|x64.ActiveCfg = Debug|x64
		{A88A629B-6ABD-4AA2-A65F-11804757BF37}.Debug|x64.Build.0 = Debug|x64
		{A88A629B-6ABD-4AA2-A65F-11804757BF37}.Debug|x86.ActiveCfg = Debug|Win32
		{A88A629B-6ABD-4AA2-A65F-11804757BF37}.Debug|x86.Build.0 = Debug|Win32
		{A88A629B-6ABD-4AA2-A65F-11804757BF37}.Release|Any CPU.ActiveCfg = Release|Win32
		{A88A629B-6ABD-4AA2-A65F-11804757BF37}.Release|Mixed Platforms.ActiveCfg = Release|Win32
		{A88A629B-6ABD-4AA2-A65F-11804757BF37}.Release|Mixed Platforms.Build.0 = Release|Win32
		{A88A629B-6ABD-4AA2-A65F-11804757BF37}.Release|Win32.ActiveCfg = Release|Win32
		{A88A629B-6ABD-4AA2-A65F-11804757BF37}.Release|Win32.Build.0 = Release|Win32
		{A88A629B-6ABD-4AA2-A65F-11804757BF37}.Release|x64.ActiveCfg = Release|x64
		{A88A629B-6ABD-4AA2-A65F-11804757BF37}.Release|x64.Build.0 = Release|x64
		{A88A629B-6ABD-4AA2-A65F-11804757BF37}.Release|x86.ActiveCfg = Release|Win32
		{A88A629B-6ABD-4AA2-A65F-11804757BF37}.Release|x86.Build.0 = Release|Win32
		{B42131B8-9C20-4D0E-BAFE-6C33CD1F4821}.Debug|Any CPU.ActiveCfg = Debug|Win32
		{B42131B8-9C20-4D0E-BAFE-6C33CD1F4821}.Debug|Mixed Platforms.ActiveCfg = Debug|Win32
		{B42131B8-9C20-4D0E-BAFE-6C33CD1F4821}.Debug|Mixed Platforms.Build.0 = Debug|Win32
		{B42131B8-9C20-4D0E-BAFE-6C33CD1F4821}.Debug|Win32.ActiveCfg = Debug|Win32
		{B42131B8-9C20-4D0E-BAFE-6C33CD1F4821}.Debug|Win32.Build.0 = Debug|Win32
		{B42131B8-9C20-4D0E-BAFE-6C33CD1F4821}.Debug|x64.ActiveCfg = Debug|x64
		{B42131B8-9C20-4D0E-BAFE-6C33CD1F4821}.Debug|x64.Build.0 = Debug|x64
		{B42131B8-9C20-4D0E-BAFE-6C33CD1F4821}.Debug|x86.ActiveCfg = Debug|Win32
		{B42131B8-9C20-4D0E-BAFE-6C33CD1F4821}.Debug|x86.Build.0 = Debug|Win32
		{B42131B8-9C20-4D0E-BAFE-6C33CD1F4821}.Release|Any CPU.ActiveCfg = Release|Win32
		{B42131B8-9C20-4D0E-BAFE-6C33CD1F4821}.Release|Mixed Platforms.ActiveCfg = Release|Win32
		{B42131B8-9C20-4D0E-BAFE-6C33CD1F4821}.Release|Mixed Platforms.Build.0 = Release|Win32
		{B42131B8-9C20-4D0E-BAFE-6C33CD1F4821}.Release|Win32.ActiveCfg = Release|Win32
		{B42131B8-9C20-4D0E-BAFE-6C33CD1F4821}.Release|Win32.Build.0 = Release|Win32
		{B42131B8-9C20-4D0E-BAFE-6C33CD1F4821}.Release|x64.ActiveCfg = Release|x64
		{B42131B8-9C20-4D0E-BAFE-6C33CD1F4821}.Release|x64.Build.0 = Release|x64
		{B42131B8-9C20-4D0E-BAFE-6C33CD1F4821}.Release|x86.ActiveCfg = Release|Win32
		{B42131B8-9C20-4D0E-BAFE-6C33CD1F4821}.Release|x86.Build.0 = Release|Win32
		{A4DF9ABF-CE1F-4C67-A28B-64BAEAF44BBB}.Debug|Any CPU.ActiveCfg = Debug|Win32
		{A4DF9ABF-CE1F-4C67-A28B-64BAEAF44BBB}.Debug|Mixed Platforms.ActiveCfg = Debug|Win32
		{A4DF9ABF-CE1F-4C67-A28B-64BAEAF44BBB}.Debug|Mixed Platforms.Build.0 = Debug|Win32
		{A4DF9ABF-CE1F-4C67-A28B-64BAEAF44BBB}.Debug|Win32.ActiveCfg = Debug|Win32
		{A4DF9ABF-CE1F-4C67-A28B-64BAEAF44BBB}.Debug|Win32.Build.0 = Debug|Win32
		{A4DF9ABF-CE1F-4C67-A28B-64BAEAF44BBB}.Debug|x64.ActiveCfg = Debug|x64
		{A4DF9ABF-CE1F-4C67-A28B-64BAEAF44BBB}.Debug|x64.Build.0 = Debug|x64
		{A4DF9ABF-CE1F-4C67-A28B-64BAEAF44BBB}.Debug|x86.ActiveCfg = Debug|Win32
		{A4DF9ABF-CE1F-4C67-A28B-64BAEAF44BBB}.Debug|x86.Build.0 = Debug|Win32
		{A4DF9ABF-CE1F-4C67-A28B-64BAEAF44BBB}.Release|Any CPU.ActiveCfg = Release|Win32
		{A4DF9ABF-CE1F-4C67-A28B-64BAEAF44BBB}.Release|Mixed Platforms.ActiveCfg = Release|Win32
		{A4DF9ABF-CE1F-4C67-A28B-64BAEAF44BBB}.Release|Mixed Platforms.Build.0 = Release|Win32
		{A4DF9ABF-CE1F-4C67-A28B-64BAEAF44BBB}.Release|Win32.ActiveCfg = Release|Win32
		{A4DF9ABF-CE1F-4C67-A28B-64BAEAF44BBB}.Release|Win32.Build.0 = Release|Win32
		{A4DF9ABF-CE1F-4C67-A28B-64BAEAF44BBB}.Release|x64.ActiveCfg = Release|x64
		{A4DF9ABF-CE1F-4C67-A28B-64BAEAF44BBB}.Release|x64.Build.0 = Release|x64
		{A4DF9ABF-CE1F-4C67-A28B-64BAEAF44BBB}.Release|x86.ActiveCfg = Release|Win32
		{A4DF9ABF-CE1F-4C67-A28B-64BAEAF44BBB}.Release|x86.Build.0 = Release|Win32
		{B292A1A6-B394-4025-BDF4-A380F65151ED}.Debug|Any CPU.ActiveCfg = Debug|Win32
		{B292A1A6-B394-4025-BDF4-A380F65151ED}.Debug|Mixed Platforms.ActiveCfg = Debug|Win32
		{B292A1A6-B394-4025-BDF4-A380F65151ED}.Debug|Mixed Platforms.Build.0 = Debug|Win32
		{B292A1A6-B394-4025-BDF4-A380F65151ED}.Debug|Win32.ActiveCfg = Debug|Win32
		{B292A1A6-B394-4025-BDF4-A380F65151ED}.Debug|Win32.Build.0 = Debug|Win32
		{B292A1A6-B394-4025-BDF4-A380F65151ED}.Debug|x64.ActiveCfg = Debug|x64
		{B292A1A6-B394-4025-BDF4-A380F65151ED}.Debug|x64.Build.0 = Debug|x64
		{B292A1A6-B394-4025-BDF4-A380F65151ED}.Debug|x86.ActiveCfg = Debug|Win32
		{B292A1A6-B394-4025-BDF4-A380F65151ED}.Debug|x86.Build.0 = Debug|Win32
		{B292A1A6-B394-4025-BDF4-A380F65151ED}.Release|Any CPU.ActiveCfg = Release|Win32
		{B292A1A6-B394-4025-BDF4-A380F65151ED}.Release|Mixed Platforms.ActiveCfg = Release|Win32
		{B292A1A6-B394-4025-BDF4-A380F65151ED}.Release|Mixed Platforms.Build.0 = Release|Win32
		{B292A1A6-B394-4025-BDF4-A380F65151ED}.Release|Win32.ActiveCfg = Release|Win32
		{B292A1A6-B394-4025-BDF4-A380F65151ED}.Release|Win32.Build.0 = Release|Win32
		{B292A1A6-B394-4025-BDF4-A380F65151ED}.Release|x64.ActiveCfg = Release|x64
		{B292A1A6-B394-4025-BDF4-A380F65151ED}.Release|x64.Build.0 = Release|x64
		{B292A1A6-B394-4025-BDF4-A380F65151ED}.Release|x86.ActiveCfg = Release|Win32
		{B292A1A6-B394-4025-BDF4-A380F65151ED}.Release|x86.Build.0 = Release|Win32
		{7BDBF678-2206-4A71-AA3A-B7B40249FB01}.Debug|Any CPU.ActiveCfg = Debug|Win32
		{7BDBF678-2206-4A71-AA3A-B7B40249FB01}.Debug|Mixed Platforms.ActiveCfg = Debug|Win32
		{7BDBF678-2206-4A71-AA3A-B7B40249FB01}.Debug|Mixed Platforms.Build.0 = Debug|Win32
		{7BDBF678-2206-4A71-AA3A-B7B40249FB01}.Debug|Win32.ActiveCfg = Debug|Win32
		{7BDBF678-2206-4A71-AA3A-B7B40249FB01}.Debug|Win32.Build.0 = Debug|Win32
		{7BDBF678-2206-4A71-AA3A-B7B40249FB01}.Debug|x64.ActiveCfg = Debug|x64
		{7BDBF678-2206-4A71-AA3A-B7B40249FB01}.Debug|x64.Build.0 = Debug|x64
		{7BDBF678-2206-4A71-AA3A-B7B40249FB01}.Debug|x86.ActiveCfg = Debug|Win32
		{7BDBF678-2206-4A71-AA3A-B7B40249FB01}.Debug|x86.Build.0 = Debug|Win32
		{7BDBF678-2206-4A71-AA3A-B7B40249FB01}.Release|Any CPU.ActiveCfg = Release|Win32
		{7BDBF678-2206-4A71-AA3A-B7B40249FB01}.Release|Mixed Platforms.ActiveCfg = Release|Win32
		{7BDBF678-2206-4A71-AA3A-B7B40249FB01}.Release|Mixed Platforms.Build.0 = Release|Win32
		{7BDBF678-2206-4A71-AA3A-B7B40249FB01}.Release|Win32.ActiveCfg = Release|Win32
		{7BDBF678-2206-4A71-AA3A-B7B40249FB01}.Release|Win32.Build.0 = Release|Win32
		{7BDBF678-2206-4A71-AA3A-B7B40249FB01}.Release|x64.ActiveCfg = Release|x64
		{7BDBF678-2206-4A71-AA3A-B7B40249FB01}.Release|x64.Build.0 = Release|x64
		{7BDBF678-2206-4A71-AA3A-B7B40249FB01}.Release|x86.ActiveCfg = Release|Win32
		{7BDBF678-2206-4A71-AA3A-B7B40249FB01}.Release|x86.Build.0 = Release|Win32
		{03DCD76D-C1B1-4565-8E66-26CC222F96CA}.Debug|Any CPU.ActiveCfg = Debug|Win32
		{03DCD76D-C1B1-4565-8E66-26CC222F96CA}.Debug|Mixed Platforms.ActiveCfg = Debug|Win32
		{03DCD76D-C1B1-4565-8E66-26CC222F96CA}.Debug|Mixed Platforms.Build.0 = Debug|Win32
		{03DCD76D-C1B1-4565-8E66-26CC222F96CA}.Debug|Win32.ActiveCfg = Debug|Win32
		{03DCD76D-C1B1-4565-8E66-26CC222F96CA}.Debug|Win32.Build.0 = Debug|Win32
		{03DCD76D-C1B1-4565-8E66-26CC222F96CA}.Debug|x64.ActiveCfg = Debug|x64
		{03DCD76D-C1B1-4565-8E66-26CC222F96CA}.Debug|x64.Build.0 = Debug|x64
		{03DCD76D-C1B1-4565-8E66-26CC222F96CA}.Debug|x86.ActiveCfg = Debug|Win32
		{03DCD76D-C1B1-4565-8E66-26CC222F96CA}.Debug|x86.Build.0 = Debug|Win32
		{03DCD76D-C1B1-4565-8E66-26CC222F96CA}.Release|Any CPU.ActiveCfg = Release|Win32
		{03DCD76D-C1B1-4565-8E66-26CC222F96CA}.Release|Mixed Platforms.ActiveCfg = Release|Win32
		{03DCD76D-C1B1-4565-8E66-26CC222F96CA}.Release|Mixed Platforms.Build.0 = Release|Win32
		{03DCD76D-C1B1-4565-8E66-26CC222F96CA}.Release|Win32.ActiveCfg = Release|Win32
		{03DCD76D-C1B1-4565-8E66-26CC222F96CA}.Release|Win32.Build.0 = Release|Win32
		{03DCD76D-C1B1-4565-8E66-26CC222F96CA}.Release|x64.ActiveCfg = Release|x64
		{03DCD76D-C1B1-4565-8E66-26CC222F96CA}.Release|x64.Build.0 = Release|x64
		{03DCD76D-C1B1-4565-8E66-26CC222F96CA}.Release|x86.ActiveCfg = Release|Win32
		{03DCD76D-C1B1-4565-8E66-26CC222F96CA}.Release|x86.Build.0 = Release|Win32
		{BBB22CEE-68B4-4F3C-AE7D-7C67FA395D62}.Debug|Any CPU.ActiveCfg = Debug|Win32
		{BBB22CEE-68B4-4F3C-AE7D-7C67FA395D62}.Debug|Mixed Platforms.ActiveCfg = Debug|Win32
		{BBB22CEE-68B4-4F3C-AE7D-7C67FA395D62}.Debug|Mixed Platforms.Build.0 = Debug|Win32
		{BBB22CEE-68B4-4F3C-AE7D-7C67FA395D62}.Debug|Win32.ActiveCfg = Debug|Win32
		{BBB22CEE-68B4-4F3C-AE7D-7C67FA395D62}.Debug|Win32.Build.0 = Debug|Win32
		{BBB22CEE-68B4-4F3C-AE7D-7C67FA395D62}.Debug|x64.ActiveCfg = Debug|x64
		{BBB22CEE-68B4-4F3C-AE7D-7C67FA395D62}.Debug|x64.Build.0 = Debug|x64
		{BBB22CEE-68B4-4F3C-AE7D-7C67FA395D62}.Debug|x86.ActiveCfg = Debug|Win32
		{BBB22CEE-68B4-4F3C-AE7D-7C67FA395D62}.Debug|x86.Build.0 = Debug|Win32
		{BBB22CEE-68B4-4F3C-AE7D-7C67FA395D62}.Release|Any CPU.ActiveCfg = Release|Win32
		{BBB22CEE-68B4-4F3C-AE7D-7C67FA395D62}.Release|Mixed Platforms.ActiveCfg = Release|Win32
		{BBB22CEE-68B4-4F3C-AE7D-7C67FA395D62}.Release|Mixed Platforms.Build.0 = Release|Win32
		{BBB22CEE-68B4-4F3C-AE7D-7C67FA395D62}.Release|Win32.ActiveCfg = Release|Win32
		{BBB22CEE-68B4-4F3C-AE7D-7C67FA395D62}.Release|Win32.Build.0 = Release|Win32
		{BBB22CEE-68B4-4F3C-AE7D-7C67FA395D62}.Release|x64.ActiveCfg = Release|x64
		{BBB22CEE-68B4-4F3C-AE7D-7C67FA395D62}.Release|x64.Build.0 = Release|x64
		{BBB22CEE-68B4-4F3C-AE7D-7C67FA395D62}.Release|x86.ActiveCfg = Release|Win32
		{BBB22CEE-68B4-4F3C-AE7D-7C67FA395D62}.Release|x86.Build.0 = Release|Win32
		{36E32335-6725-4AA2-9CB4-7514F04064D3}.Debug|Any CPU.ActiveCfg = Debug|Win32
		{36E32335-6725-4AA2-9CB4-7514F04064D3}.Debug|Mixed Platforms.ActiveCfg = Debug|Win32
		{36E32335-6725-4AA2-9CB4-7514F04064D3}.Debug|Mixed Platforms.Build.0 = Debug|Win32
		{36E32335-6725-4AA2-9CB4-7514F04064D3}.Debug|Win32.ActiveCfg = Debug|Win32
		{36E32335-6725-4AA2-9CB4-7514F04064D3}.Debug|Win32.Build.0 = Debug|Win32
		{36E32335-6725-4AA2-9CB4-7514F04064D3}.Debug|x64.ActiveCfg = Debug|x64
		{36E32335-6725-4AA2-9CB4-7514F04064D3}.Debug|x64.Build.0 = Debug|x64
		{36E32335-6725-4AA2-9CB4-7514F04064D3}.Debug|x86.ActiveCfg = Debug|Win32
		{36E32335-6725-4AA2-9CB4-7514F04064D3}.Debug|x86.Build.0 = Debug|Win32
		{36E32335-6725-4AA2-9CB4-7514F04064D3}.Release|Any CPU.ActiveCfg = Release|Win32
		{36E32335-6725-4AA2-9CB4-7514F04064D3}.Release|Mixed Platforms.ActiveCfg = Release|Win32
		{36E32335-6725-4AA2-9CB4-7514F04064D3}.Release|Mixed Platforms.Build.0 = Release|Win32
		{36E32335-6725-4AA2-9CB4-7514F04064D3}.Release|Win32.ActiveCfg = Release|Win32
		{36E32335-6725-4AA2-9CB4-7514F04064D3}.Release|Win32.Build.0 = Release|Win32
		{36E32335-6725-4AA2-9CB4-7514F04064D3}.Release|x64.ActiveCfg = Release|x64
		{36E32335-6725-4AA2-9CB4-7514F04064D3}.Release|x64.Build.0 = Release|x64
		{36E32335-6725-4AA2-9CB4-7514F04064D3}.Release|x86.ActiveCfg = Release|Win32
		{36E32335-6725-4AA2-9CB4-7514F04064D3}.Release|x86.Build.0 = Release|Win32
		{E43AED76-5197-45A0-AF55-911485F7FE33}.Debug|Any CPU.ActiveCfg = Debug|Win32
		{E43AED76-5197-45A0-AF55-911485F7FE33}.Debug|Mixed Platforms.ActiveCfg = Debug|Win32
		{E43AED76-5197-45A0-AF55-911485F7FE33}.Debug|Mixed Platforms.Build.0 = Debug|Win32
		{E43AED76-5197-45A0-AF55-911485F7FE33}.Debug|Win32.ActiveCfg = Debug|Win32
		{E43AED76-5197-45A0-AF55-911485F7FE33}.Debug|Win32.Build.0 = Debug|Win32
		{E43AED76-5197-45A0-AF55-911485F7FE33}.Debug|x64.ActiveCfg = Debug|x64
		{E43AED76-5197-45A0-AF55-911485F7FE33}.Debug|x64.Build.0 = Debug|x64
		{E43AED76-5197-45A0-AF55-911485F7FE33}.Debug|x86.ActiveCfg = Debug|Win32
		{E43AED76-5197-45A0-AF55-911485F7FE33}.Debug|x86.Build.0 = Debug|Win32
		{E43AED76-5197-45A0-AF55-911485F7FE33}.Release|Any CPU.ActiveCfg = Release|Win32
		{E43AED76-5197-45A0-AF55-911485F7FE33}.Release|Mixed Platforms.ActiveCfg = Release|Win32
		{E43AED76-5197-45A0-AF55-911485F7FE33}.Release|Mixed Platforms.Build.0 = Release|Win32
		{E43AED76-5197-45A0-AF55-911485F7FE33}.Release|Win32.ActiveCfg = Release|Win32
		{E43AED76-5197-45A0-AF55-911485F7FE33}.Release|Win32.Build.0 = Release|Win32
		{E43AED76-5197-45A0-AF55-911485F7FE33}.Release|x64.ActiveCfg = Release|x64
		{E43AED76-5197-45A0-AF55-911485F7FE33}.Release|x64.Build.0 = Release|x64
		{E43AED76-5197-45A0-AF55-911485F7FE33}.Release|x86.ActiveCfg = Release|Win32
		{E43AED76-5197-45A0-AF55-911485F7FE33}.Release|x86.Build.0 = Release|Win32
		{39354EA5-4A04-42EE-869E-4835C09A6450}.Debug|Any CPU.ActiveCfg = Debug|Win32
		{39354EA5-4A04-42EE-869E-4835C09A6450}.Debug|Mixed Platforms.ActiveCfg = Debug|Win32
		{39354EA5-4A04-42EE-869E-4835C09A6450}.Debug|Mixed Platforms.Build.0 = Debug|Win32
		{39354EA5-4A04-42EE-869E-4835C09A6450}.Debug|Win32.ActiveCfg = Debug|Win32
		{39354EA5-4A04-42EE-869E-4835C09A6450}.Debug|Win32.Build.0 = Debug|Win32
		{39354EA5-4A04-42EE-869E-4835C09A6450}.Debug|x64.ActiveCfg = Debug|x64
		{39354EA5-4A04-42EE-869E-4835C09A6450}.Debug|x64.Build.0 = Debug|x64
		{39354EA5-4A04-42EE-869E-4835C09A6450}.Debug|x86.ActiveCfg = Debug|Win32
		{39354EA5-4A04-42EE-869E-4835C09A6450}.Debug|x86.Build.0 = Debug|Win32
		{39354EA5-4A04-42EE-869E-4835C09A6450}.Release|Any CPU.ActiveCfg = Release|Win32
		{39354EA5-4A04-42EE-869E-4835C09A6450}.Release|Mixed Platforms.ActiveCfg = Release|Win32
		{39354EA5-4A04-42EE-869E-4835C09A6450}.Release|Mixed Platforms.Build.0 = Release|Win32
		{39354EA5-4A04-42EE-869E-4835C09A6450}.Release|Win32.ActiveCfg = Release|Win32
		{39354EA5-4A04-42EE-869E-4835C09A6450}.Release|Win32.Build.0 = Release|Win32
		{39354EA5-4A04-42EE-869E-4835C09A6450}.Release|x64.ActiveCfg = Release|x64
		{39354EA5-4A04-42EE-869E-4835C09A6450}.Release|x64.Build.0 = Release|x64
		{39354EA5-4A04-42EE-869E-4835C09A6450}.Release|x86.ActiveCfg = Release|Win32
		{39354EA5-4A04-42EE-869E-4835C09A6450}.Release|x86.Build.0 = Release|Win32
		{0AB0DFA2-FC2C-4DA1-AC6B-AE94C8EB5D50}.Debug|Any CPU.ActiveCfg = Debug|Win32
		{0AB0DFA2-FC2C-4DA1-AC6B-AE94C8EB5D50}.Debug|Mixed Platforms.ActiveCfg = Debug|Win32
		{0AB0DFA2-FC2C-4DA1-AC6B-AE94C8EB5D50}.Debug|Mixed Platforms.Build.0 = Debug|Win32
		{0AB0DFA2-FC2C-4DA1-AC6B-AE94C8EB5D50}.Debug|Win32.ActiveCfg = Debug|Win32
		{0AB0DFA2-FC2C-4DA1-AC6B-AE94C8EB5D50}.Debug|Win32.Build.0 = Debug|Win32
		{0AB0DFA2-FC2C-4DA1-AC6B-AE94C8EB5D50}.Debug|x64.ActiveCfg = Debug|x64
		{0AB0DFA2-FC2C-4DA1-AC6B-AE94C8EB5D50}.Debug|x64.Build.0 = Debug|x64
		{0AB0DFA2-FC2C-4DA1-AC6B-AE94C8EB5D50}.Debug|x86.ActiveCfg = Debug|Win32
		{0AB0DFA2-FC2C-4DA1-AC6B-AE94C8EB5D50}.Debug|x86.Build.0 = Debug|Win32
		{0AB0DFA2-FC2C-4DA1-AC6B-AE94C8EB5D50}.Release|Any CPU.ActiveCfg = Release|Win32
		{0AB0DFA2-FC2C-4DA1-AC6B-AE94C8EB5D50}.Release|Mixed Platforms.ActiveCfg = Release|Win32
		{0AB0DFA2-FC2C-4DA1-AC6B-AE94C8EB5D50}.Release|Mixed Platforms.Build.0 = Release|Win32
		{0AB0DFA2-FC2C-4DA1-AC6B-AE94C8EB5D50}.Release|Win32.ActiveCfg = Release|Win32
		{0AB0DFA2-FC2C-4DA1-AC6B-AE94C8EB5D50}.Release|Win32.Build.0 = Release|Win32
		{0AB0DFA2-FC2C-4DA1-AC6B-AE94C8EB5D50}.Release|x64.ActiveCfg = Release|x64
		{0AB0DFA2-FC2C-4DA1-AC6B-AE94C8EB5D50}.Release|x64.Build.0 = Release|x64
		{0AB0DFA2-FC2C-4DA1-AC6B-AE94C8EB5D50}.Release|x86.ActiveCfg = Release|Win32
		{0AB0DFA2-FC2C-4DA1-AC6B-AE94C8EB5D50}.Release|x86.Build.0 = Release|Win32
		{ECDCC808-165B-4F88-8761-F2D4EF7C1724}.Debug|Any CPU.ActiveCfg = Debug|Win32
		{ECDCC808-165B-4F88-8761-F2D4EF7C1724}.Debug|Mixed Platforms.ActiveCfg = Debug|Win32
		{ECDCC808-165B-4F88-8761-F2D4EF7C1724}.Debug|Mixed Platforms.Build.0 = Debug|Win32
		{ECDCC808-165B-4F88-8761-F2D4EF7C1724}.Debug|Win32.ActiveCfg = Debug|Win32
		{ECDCC808-165B-4F88-8761-F2D4EF7C1724}.Debug|Win32.Build.0 = Debug|Win32
		{ECDCC808-165B-4F88-8761-F2D4EF7C1724}.Debug|x64.ActiveCfg = Debug|x64
		{ECDCC808-165B-4F88-8761-F2D4EF7C1724}.Debug|x64.Build.0 = Debug|x64
		{ECDCC808-165B-4F88-8761-F2D4EF7C1724}.Debug|x86.ActiveCfg = Debug|Win32
		{ECDCC808-165B-4F88-8761-F2D4EF7C1724}.Debug|x86.Build.0 = Debug|Win32
		{ECDCC808-165B-4F88-8761-F2D4EF7C1724}.Release|Any CPU.ActiveCfg = Release|Win32
		{ECDCC808-165B-4F88-8761-F2D4EF7C1724}.Release|Mixed Platforms.ActiveCfg = Release|Win32
		{ECDCC808-165B-4F88-8761-F2D4EF7C1724}.Release|Mixed Platforms.Build.0 = Release|Win32
		{ECDCC808-165B-4F88-8761-F2D4EF7C1724}.Release|Win32.ActiveCfg = Release|Win32
		{ECDCC808-165B-4F88-8761-F2D4EF7C1724}.Release|Win32.Build.0 = Release|Win32
		{ECDCC808-165B-4F88-8761-F2D4EF7C1724}.Release|x64.ActiveCfg = Release|x64
		{ECDCC808-165B-4F88-8761-F2D4EF7C1724}.Release|x64.Build.0 = Release|x64
		{ECDCC808-165B-4F88-8761-F2D4EF7C1724}.Release|x86.ActiveCfg = Release|Win32
		{ECDCC808-165B-4F88-8761-F2D4EF7C1724}.Release|x86.Build.0 = Release|Win32
		{04994119-D2F0-4767-B62F-1E382378EDD6}.Debug|Any CPU.ActiveCfg = Debug|Win32
		{04994119-D2F0-4767-B62F-1E382378EDD6}.Debug|Mixed Platforms.ActiveCfg = Debug|Win32
		{04994119-D2F0-4767-B62F-1E382378EDD6}.Debug|Mixed Platforms.Build.0 = Debug|Win32
		{04994119-D2F0-4767-B62F-1E382378EDD6}.Debug|Win32.ActiveCfg = Debug|Win32
		{04994119-D2F0-4767-B62F-1E382378EDD6}.Debug|Win32.Build.0 = Debug|Win32
		{04994119-D2F0-4767-B62F-1E382378EDD6}.Debug|x64.ActiveCfg = Debug|x64
		{04994119-D2F0-4767-B62F-1E382378EDD6}.Debug|x64.Build.0 = Debug|x64
		{04994119-D2F0-4767-B62F-1E382378EDD6}.Debug|x86.ActiveCfg = Debug|Win32
		{04994119-D2F0-4767-B62F-1E382378EDD6}.Debug|x86.Build.0 = Debug|Win32
		{04994119-D2F0-4767-B62F-1E382378EDD6}.Release|Any CPU.ActiveCfg = Release|Win32
		{04994119-D2F0-4767-B62F-1E382378EDD6}.Release|Mixed Platforms.ActiveCfg = Release|Win32
		{04994119-D2F0-4767-B62F-1E382378EDD6}.Release|Mixed Platforms.Build.0 = Release|Win32
		{04994119-D2F0-4767-B62F-1E382378EDD6}.Release|Win32.ActiveCfg = Release|Win32
		{04994119-D2F0-4767-B62F-1E382378EDD6}.Release|Win32.Build.0 = Release|Win32
		{04994119-D2F0-4767-B62F-1E382378EDD6}.Release|x64.ActiveCfg = Release|x64
		{04994119-D2F0-4767-B62F-1E382378EDD6}.Release|x64.Build.0 = Release|x64
		{04994119-D2F0-4767-B62F-1E382378EDD6}.Release|x86.ActiveCfg = Release|Win32
		{04994119-D2F0-4767-B62F-1E382378EDD6}.Release|x86.Build.0 = Release|Win32
		{684C233A-6BEA-464E-9B93-832A317FEB87}.Debug|Any CPU.ActiveCfg = Debug|Win32
		{684C233A-6BEA-464E-9B93-832A317FEB87}.Debug|Mixed Platforms.ActiveCfg = Debug|Win32
		{684C233A-6BEA-464E-9B93-832A317FEB87}.Debug|Mixed Platforms.Build.0 = Debug|Win32
		{684C233A-6BEA-464E-9B93-832A317FEB87}.Debug|Win32.ActiveCfg = Debug|Win32
		{684C233A-6BEA-464E-9B93-832A317FEB87}.Debug|Win32.Build.0 = Debug|Win32
		{684C233A-6BEA-464E-9B93-832A317FEB87}.Debug|x64.ActiveCfg = Debug|x64
		{684C233A-6BEA-464E-9B93-832A317FEB87}.Debug|x64.Build.0 = Debug|x64
		{684C233A-6BEA-464E-9B93-832A317FEB87}.Debug|x86.ActiveCfg = Debug|Win32
		{684C233A-6BEA-464E-9B93-832A317FEB87}.Debug|x86.Build.0 = Debug|Win32
		{684C233A-6BEA-464E-9B93-832A317FEB87}.Release|Any CPU.ActiveCfg = Release|Win32
		{684C233A-6BEA-464E-9B93-832A317FEB87}.Release|Mixed Platforms.ActiveCfg = Release|Win32
		{684C233A-6BEA-464E-9B93-832A317FEB87}.Release|Mixed Platforms.Build.0 = Release|Win32
		{684C233A-6BEA-464E-9B93-832A317FEB87}.Release|Win32.ActiveCfg = Release|Win32
		{684C233A-6BEA-464E-9B93-832A317FEB87}.Release|Win32.Build.0 = Release|Win32
		{684C233A-6BEA-464E-9B93-832A317FEB87}.Release|x64.ActiveCfg = Release|x64
		{684C233A-6BEA-464E-9B93-832A317FEB87}.Release|x64.Build.0 = Release|x64
		{684C233A-6BEA-464E-9B93-832A317FEB87}.Release|x86.ActiveCfg = Release|Win32
		{684C233A-6BEA-464E-9B93-832A317FEB87}.Release|x86.Build.0 = Release|Win32
		{D26BD1CD-F1B1-4951-BBA6-0C3C21CFAA43}.Debug|Any CPU.ActiveCfg = Debug|Win32
		{D26BD1CD-F1B1-4951-BBA6-0C3C21CFAA43}.Debug|Mixed Platforms.ActiveCfg = Debug|Win32
		{D26BD1CD-F1B1-4951-BBA6-0C3C21CFAA43}.Debug|Mixed Platforms.Build.0 = Debug|Win32
		{D26BD1CD-F1B1-4951-BBA6-0C3C21CFAA43}.Debug|Win32.ActiveCfg = Debug|Win32
		{D26BD1CD-F1B1-4951-BBA6-0C3C21CFAA43}.Debug|Win32.Build.0 = Debug|Win32
		{D26BD1CD-F1B1-4951-BBA6-0C3C21CFAA43}.Debug|x64.ActiveCfg = Debug|x64
		{D26BD1CD-F1B1-4951-BBA6-0C3C21CFAA43}.Debug|x64.Build.0 = Debug|x64
		{D26BD1CD-F1B1-4951-BBA6-0C3C21CFAA43}.Debug|x86.ActiveCfg = Debug|Win32
		{D26BD1CD-F1B1-4951-BBA6-0C3C21CFAA43}.Debug|x86.Build.0 = Debug|Win32
		{D26BD1CD-F1B1-4951-BBA6-0C3C21CFAA43}.Release|Any CPU.ActiveCfg = Release|Win32
		{D26BD1CD-F1B1-4951-BBA6-0C3C21CFAA43}.Release|Mixed Platforms.ActiveCfg = Release|Win32
		{D26BD1CD-F1B1-4951-BBA6-0C3C21CFAA43}.Release|Mixed Platforms.Build.0 = Release|Win32
		{D26BD1CD-F1B1-4951-BBA6-0C3C21CFAA43}.Release|Win32.ActiveCfg = Release|Win32
		{D26BD1CD-F1B1-4951-BBA6-0C3C21CFAA43}.Release|Win32.Build.0 = Release|Win32
		{D26BD1CD-F1B1-4951-BBA6-0C3C21CFAA43}.Release|x64.ActiveCfg = Release|x64
		{D26BD1CD-F1B1-4951-BBA6-0C3C21CFAA43}.Release|x64.Build.0 = Release|x64
		{D26BD1CD-F1B1-4951-BBA6-0C3C21CFAA43}.Release|x86.ActiveCfg = Release|Win32
		{D26BD1CD-F1B1-4951-BBA6-0C3C21CFAA43}.Release|x86.Build.0 = Release|Win32
		{B2D667D5-0A65-4D55-81E6-29CDEA80BC68}.Debug|Any CPU.ActiveCfg = Debug|Win32
		{B2D667D5-0A65-4D55-81E6-29CDEA80BC68}.Debug|Mixed Platforms.ActiveCfg = Debug|Win32
		{B2D667D5-0A65-4D55-81E6-29CDEA80BC68}.Debug|Mixed Platforms.Build.0 = Debug|Win32
		{B2D667D5-0A65-4D55-81E6-29CDEA80BC68}.Debug|Win32.ActiveCfg = Debug|Win32
		{B2D667D5-0A65-4D55-81E6-29CDEA80BC68}.Debug|Win32.Build.0 = Debug|Win32
		{B2D667D5-0A65-4D55-81E6-29CDEA80BC68}.Debug|x64.ActiveCfg = Debug|x64
		{B2D667D5-0A65-4D55-81E6-29CDEA80BC68}.Debug|x64.Build.0 = Debug|x64
		{B2D667D5-0A65-4D55-81E6-29CDEA80BC68}.Debug|x86.ActiveCfg = Debug|Win32
		{B2D667D5-0A65-4D55-81E6-29CDEA80BC68}.Debug|x86.Build.0 = Debug|Win32
		{B2D667D5-0A65-4D55-81E6-29CDEA80BC68}.Release|Any CPU.ActiveCfg = Release|Win32
		{B2D667D5-0A65-4D55-81E6-29CDEA80BC68}.Release|Mixed Platforms.ActiveCfg = Release|Win32
		{B2D667D5-0A65-4D55-81E6-29CDEA80BC68}.Release|Mixed Platforms.Build.0 = Release|Win32
		{B2D667D5-0A65-4D55-81E6-29CDEA80BC68}.Release|Win32.ActiveCfg = Release|Win32
		{B2D667D5-0A65-4D55-81E6-29CDEA80BC68}.Release|Win32.Build.0 = Release|Win32
		{B2D667D5-0A65-4D55-81E6-29CDEA80BC68}.Release|x64.ActiveCfg = Release|x64
		{B2D667D5-0A65-4D55-81E6-29CDEA80BC68}.Release|x64.Build.0 = Release|x64
		{B2D667D5-0A65-4D55-81E6-29CDEA80BC68}.Release|x86.ActiveCfg = Release|Win32
		{B2D667D5-0A65-4D55-81E6-29CDEA80BC68}.Release|x86.Build.0 = Release|Win32
		{70569DF7-B92B-4807-91D2-37EA48372C28}.Debug|Any CPU.ActiveCfg = Debug|Win32
		{70569DF7-B92B-4807-91D2-37EA48372C28}.Debug|Mixed Platforms.ActiveCfg = Debug|Win32
		{70569DF7-B92B-4807-91D2-37EA48372C28}.Debug|Mixed Platforms.Build.0 = Debug|Win32
		{70569DF7-B92B-4807-91D2-37EA48372C28}.Debug|Win32.ActiveCfg = Debug|Win32
		{70569DF7-B92B-4807-91D2-37EA48372C28}.Debug|Win32.Build.0 = Debug|Win32
		{70569DF7-B92B-4807-91D2-37EA48372C28}.Debug|x64.ActiveCfg = Debug|x64
		{70569DF7-B92B-4807-91D2-37EA48372C28}.Debug|x64.Build.0 = Debug|x64
		{70569DF7-B92B-4807-91D2-37EA48372C28}.Debug|x86.ActiveCfg = Debug|Win32
		{70569DF7-B92B-4807-91D2-37EA48372C28}.Debug|x86.Build.0 = Debug|Win32
		{70569DF7-B92B-4807-91D2-37EA48372C28}.Release|Any CPU.ActiveCfg = Release|Win32
		{70569DF7-B92B-4807-91D2-37EA48372C28}.Release|Mixed Platforms.ActiveCfg = Release|Win32
		{70569DF7-B92B-4807-91D2-37EA48372C28}.Release|Mixed Platforms.Build.0 = Release|Win32
		{70569DF7-B92B-4807-91D2-37EA48372C28}.Release|Win32.ActiveCfg = Release|Win32
		{70569DF7-B92B-4807-91D2-37EA48372C28}.Release|Win32.Build.0 = Release|Win32
		{70569DF7-B92B-4807-91D2-37EA48372C28}.Release|x64.ActiveCfg = Release|x64
		{70569DF7-B92B-4807-91D2-37EA48372C28}.Release|x64.Build.0 = Release|x64
		{70569DF7-B92B-4807-91D2-37EA48372C28}.Release|x86.ActiveCfg = Release|Win32
		{70569DF7-B92B-4807-91D2-37EA48372C28}.Release|x86.Build.0 = Release|Win32
		{338FAA34-8FAE-4C45-9D69-10AE932B9442}.Debug|Any CPU.ActiveCfg = Debug|Win32
		{338FAA34-8FAE-4C45-9D69-10AE932B9442}.Debug|Mixed Platforms.ActiveCfg = Debug|Win32
		{338FAA34-8FAE-4C45-9D69-10AE932B9442}.Debug|Mixed Platforms.Build.0 = Debug|Win32
		{338FAA34-8FAE-4C45-9D69-10AE932B9442}.Debug|Win32.ActiveCfg = Debug|Win32
		{338FAA34-8FAE-4C45-9D69-10AE932B9442}.Debug|Win32.Build.0 = Debug|Win32
		{338FAA34-8FAE-4C45-9D69-10AE932B9442}.Debug|x64.ActiveCfg = Debug|x64
		{338FAA34-8FAE-4C45-9D69-10AE932B9442}.Debug|x64.Build.0 = Debug|x64
		{338FAA34-8FAE-4C45-9D69-10AE932B9442}.Debug|x86.ActiveCfg = Debug|Win32
		{338FAA34-8FAE-4C45-9D69-10AE932B9442}.Debug|x86.Build.0 = Debug|Win32
		{338FAA34-8FAE-4C45-9D69-10AE932B9442}.Release|Any CPU.ActiveCfg = Release|Win32
		{338FAA34-8FAE-4C45-9D69-10AE932B9442}.Release|Mixed Platforms.ActiveCfg = Release|Win32
		{338FAA34-8FAE-4C45-9D69-10AE932B9442}.Release|Mixed Platforms.Build.0 = Release|Win32
		{338FAA34-8FAE-4C45-9D69-10AE932B9442}.Release|Win32.ActiveCfg = Release|Win32
		{338FAA34-8FAE-4C45-9D69-10AE932B9442}.Release|Win32.Build.0 = Release|Win32
		{338FAA34-8FAE-4C45-9D69-10AE932B9442}.Release|x64.ActiveCfg = Release|x64
		{338FAA34-8FAE-4C45-9D69-10AE932B9442}.Release|x64.Build.0 = Release|x64
		{338FAA34-8FAE-4C45-9D69-10AE932B9442}.Release|x86.ActiveCfg = Release|Win32
		{338FAA34-8FAE-4C45-9D69-10AE932B9442}.Release|x86.Build.0 = Release|Win32
		{82701B05-CCD2-4872-A355-4B16247C30CA}.Debug|Any CPU.ActiveCfg = Debug|Win32
		{82701B05-CCD2-4872-A355-4B16247C30CA}.Debug|Mixed Platforms.ActiveCfg = Debug|Win32
		{82701B05-CCD2-4872-A355-4B16247C30CA}.Debug|Mixed Platforms.Build.0 = Debug|Win32
		{82701B05-CCD2-4872-A355-4B16247C30CA}.Debug|Win32.ActiveCfg = Debug|Win32
		{82701B05-CCD2-4872-A355-4B16247C30CA}.Debug|Win32.Build.0 = Debug|Win32
		{82701B05-CCD2-4872-A355-4B16247C30CA}.Debug|x64.ActiveCfg = Debug|x64
		{82701B05-CCD2-4872-A355-4B16247C30CA}.Debug|x64.Build.0 = Debug|x64
		{82701B05-CCD2-4872-A355-4B16247C30CA}.Debug|x86.ActiveCfg = Debug|Win32
		{82701B05-CCD2-4872-A355-4B16247C30CA}.Debug|x86.Build.0 = Debug|Win32
		{82701B05-CCD2-4872-A355-4B16247C30CA}.Release|Any CPU.ActiveCfg = Release|Win32
		{82701B05-CCD2-4872-A355-4B16247C30CA}.Release|Mixed Platforms.ActiveCfg = Release|Win32
		{82701B05-CCD2-4872-A355-4B16247C30CA}.Release|Mixed Platforms.Build.0 = Release|Win32
		{82701B05-CCD2-4872-A355-4B16247C30CA}.Release|Win32.ActiveCfg = Release|Win32
		{82701B05-CCD2-4872-A355-4B16247C30CA}.Release|Win32.Build.0 = Release|Win32
		{82701B05-CCD2-4872-A355-4B16247C30CA}.Release|x64.ActiveCfg = Release|x64
		{82701B05-CCD2-4872-A355-4B16247C30CA}.Release|x64.Build.0 = Release|x64
		{82701B05-CCD2-4872-A355-4B16247C30CA}.Release|x86.ActiveCfg = Release|Win32
		{82701B05-CCD2-4872-A355-4B16247C30CA}.Release|x86.Build.0 = Release|Win32
		{34C18C6C-69FA-4DC6-B2FA-11C0CFBEAB73}.Debug|Any CPU.ActiveCfg = Debug|Win32
		{34C18C6C-69FA-4DC6-B2FA-11C0CFBEAB73}.Debug|Mixed Platforms.ActiveCfg = Debug|Win32
		{34C18C6C-69FA-4DC6-B2FA-11C0CFBEAB73}.Debug|Mixed Platforms.Build.0 = Debug|Win32
		{34C18C6C-69FA-4DC6-B2FA-11C0CFBEAB73}.Debug|Win32.ActiveCfg = Debug|Win32
		{34C18C6C-69FA-4DC6-B2FA-11C0CFBEAB73}.Debug|Win32.Build.0 = Debug|Win32
		{34C18C6C-69FA-4DC6-B2FA-11C0CFBEAB73}.Debug|x64.ActiveCfg = Debug|x64
		{34C18C6C-69FA-4DC6-B2FA-11C0CFBEAB73}.Debug|x64.Build.0 = Debug|x64
		{34C18C6C-69FA-4DC6-B2FA-11C0CFBEAB73}.Debug|x86.ActiveCfg = Debug|Win32
		{34C18C6C-69FA-4DC6-B2FA-11C0CFBEAB73}.Debug|x86.Build.0 = Debug|Win32
		{34C18C6C-69FA-4DC6-B2FA-11C0CFBEAB73}.Release|Any CPU.ActiveCfg = Release|Win32
		{34C18C6C-69FA-4DC6-B2FA-11C0CFBEAB73}.Release|Mixed Platforms.ActiveCfg = Release|Win32
		{34C18C6C-69FA-4DC6-B2FA-11C0CFBEAB73}.Release|Mixed Platforms.Build.0 = Release|Win32
		{34C18C6C-69FA-4DC6-B2FA-11C0CFBEAB73}.Release|Win32.ActiveCfg = Release|Win32
		{34C18C6C-69FA-4DC6-B2FA-11C0CFBEAB73}.Release|Win32.Build.0 = Release|Win32
		{34C18C6C-69FA-4DC6-B2FA-11C0CFBEAB73}.Release|x64.ActiveCfg = Release|x64
		{34C18C6C-69FA-4DC6-B2FA-11C0CFBEAB73}.Release|x64.Build.0 = Release|x64
		{34C18C6C-69FA-4DC6-B2FA-11C0CFBEAB73}.Release|x86.ActiveCfg = Release|Win32
		{34C18C6C-69FA-4DC6-B2FA-11C0CFBEAB73}.Release|x86.Build.0 = Release|Win32
		{5A3D246C-957D-4F2D-98AE-C56AF6B75964}.Debug|Any CPU.ActiveCfg = Debug|Win32
		{5A3D246C-957D-4F2D-98AE-C56AF6B75964}.Debug|Mixed Platforms.ActiveCfg = Debug|Win32
		{5A3D246C-957D-4F2D-98AE-C56AF6B75964}.Debug|Mixed Platforms.Build.0 = Debug|Win32
		{5A3D246C-957D-4F2D-98AE-C56AF6B75964}.Debug|Win32.ActiveCfg = Debug|Win32
		{5A3D246C-957D-4F2D-98AE-C56AF6B75964}.Debug|Win32.Build.0 = Debug|Win32
		{5A3D246C-957D-4F2D-98AE-C56AF6B75964}.Debug|x64.ActiveCfg = Debug|x64
		{5A3D246C-957D-4F2D-98AE-C56AF6B75964}.Debug|x64.Build.0 = Debug|x64
		{5A3D246C-957D-4F2D-98AE-C56AF6B75964}.Debug|x86.ActiveCfg = Debug|Win32
		{5A3D246C-957D-4F2D-98AE-C56AF6B75964}.Debug|x86.Build.0 = Debug|Win32
		{5A3D246C-957D-4F2D-98AE-C56AF6B75964}.Release|Any CPU.ActiveCfg = Release|Win32
		{5A3D246C-957D-4F2D-98AE-C56AF6B75964}.Release|Mixed Platforms.ActiveCfg = Release|Win32
		{5A3D246C-957D-4F2D-98AE-C56AF6B75964}.Release|Mixed Platforms.Build.0 = Release|Win32
		{5A3D246C-957D-4F2D-98AE-C56AF6B75964}.Release|Win32.ActiveCfg = Release|Win32
		{5A3D246C-957D-4F2D-98AE-C56AF6B75964}.Release|Win32.Build.0 = Release|Win32
		{5A3D246C-957D-4F2D-98AE-C56AF6B75964}.Release|x64.ActiveCfg = Release|x64
		{5A3D246C-957D-4F2D-98AE-C56AF6B75964}.Release|x64.Build.0 = Release|x64
		{5A3D246C-957D-4F2D-98AE-C56AF6B75964}.Release|x86.ActiveCfg = Release|Win32
		{5A3D246C-957D-4F2D-98AE-C56AF6B75964}.Release|x86.Build.0 = Release|Win32
		{7A2C051A-0C0F-46B9-B38B-3836246F977C}.Debug|Any CPU.ActiveCfg = Debug|Win32
		{7A2C051A-0C0F-46B9-B38B-3836246F977C}.Debug|Mixed Platforms.ActiveCfg = Debug|Win32
		{7A2C051A-0C0F-46B9-B38B-3836246F977C}.Debug|Mixed Platforms.Build.0 = Debug|Win32
		{7A2C051A-0C0F-46B9-B38B-3836246F977C}.Debug|Win32.ActiveCfg = Debug|Win32
		{7A2C051A-0C0F-46B9-B38B-3836246F977C}.Debug|Win32.Build.0 = Debug|Win32
		{7A2C051A-0C0F-46B9-B38B-3836246F977C}.Debug|x64.ActiveCfg = Debug|x64
		{7A2C051A-0C0F-46B9-B38B-3836246F977C}.Debug|x64.Build.0 = Debug|x64
		{7A2C051A-0C0F-46B9-B38B-3836246F977C}.Debug|x86.ActiveCfg = Debug|Win32
		{7A2C051A-0C0F-46B9-B38B-3836246F977C}.Debug|x86.Build.0 = Debug|Win32
		{7A2C051A-0C0F-46B9-B38B-3836246F977C}.Release|Any CPU.ActiveCfg = Release|Win32
		{7A2C051A-0C0F-46B9-B38B-3836246F977C}.Release|Mixed Platforms.ActiveCfg = Release|Win32
		{7A2C051A-0C0F-46B9-B38B-3836246F977C}.Release|Mixed Platforms.Build.0 = Release|Win32
		{7A2C051A-0C0F-46B9-B38B-3836246F977C}.Release|Win32.ActiveCfg = Release|Win32
		{7A2C051A-0C0F-46B9-B38B-3836246F977C}.Release|Win32.Build.0 = Release|Win32
		{7A2C051A-0C0F-46B9-B38B-3836246F977C}.Release|x64.ActiveCfg = Release|x64
		{7A2C051A-0C0F-46B9-B38B-3836246F977C}.Release|x64.Build.0 = Release|x64
		{7A2C051A-0C0F-46B9-B38B-3836246F977C}.Release|x86.ActiveCfg = Release|Win32
		{7A2C051A-0C0F-46B9-B38B-3836246F977C}.Release|x86.Build.0 = Release|Win32
		{74BB1137-8771-498C-B5D2-76FE91FBF224}.Debug|Any CPU.ActiveCfg = Debug|Win32
		{74BB1137-8771-498C-B5D2-76FE91FBF224}.Debug|Mixed Platforms.ActiveCfg = Debug|Win32
		{74BB1137-8771-498C-B5D2-76FE91FBF224}.Debug|Mixed Platforms.Build.0 = Debug|Win32
		{74BB1137-8771-498C-B5D2-76FE91FBF224}.Debug|Win32.ActiveCfg = Debug|Win32
		{74BB1137-8771-498C-B5D2-76FE91FBF224}.Debug|Win32.Build.0 = Debug|Win32
		{74BB1137-8771-498C-B5D2-76FE91FBF224}.Debug|x64.ActiveCfg = Debug|x64
		{74BB1137-8771-498C-B5D2-76FE91FBF224}.Debug|x64.Build.0 = Debug|x64
		{74BB1137-8771-498C-B5D2-76FE91FBF224}.Debug|x86.ActiveCfg = Debug|Win32
		{74BB1137-8771-498C-B5D2-76FE91FBF224}.Debug|x86.Build.0 = Debug|Win32
		{74BB1137-8771-498C-B5D2-76FE91FBF224}.Release|Any CPU.ActiveCfg = Release|Win32
		{74BB1137-8771-498C-B5D2-76FE91FBF224}.Release|Mixed Platforms.ActiveCfg = Release|Win32
		{74BB1137-8771-498C-B5D2-76FE91FBF224}.Release|Mixed Platforms.Build.0 = Release|Win32
		{74BB1137-8771-498C-B5D2-76FE91FBF224}.Release|Win32.ActiveCfg = Release|Win32
		{74BB1137-8771-498C-B5D2-76FE91FBF224}.Release|Win32.Build.0 = Release|Win32
		{74BB1137-8771-498C-B5D2-76FE91FBF224}.Release|x64.ActiveCfg = Release|x64
		{74BB1137-8771-498C-B5D2-76FE91FBF224}.Release|x64.Build.0 = Release|x64
		{74BB1137-8771-498C-B5D2-76FE91FBF224}.Release|x86.ActiveCfg = Release|Win32
		{74BB1137-8771-498C-B5D2-76FE91FBF224}.Release|x86.Build.0 = Release|Win32
		{6B37C407-5F24-47E7-A9C2-3865D58FD294}.Debug|Any CPU.ActiveCfg = Debug|Win32
		{6B37C407-5F24-47E7-A9C2-3865D58FD294}.Debug|Mixed Platforms.ActiveCfg = Debug|Win32
		{6B37C407-5F24-47E7-A9C2-3865D58FD294}.Debug|Mixed Platforms.Build.0 = Debug|Win32
		{6B37C407-5F24-47E7-A9C2-3865D58FD294}.Debug|Win32.ActiveCfg = Debug|Win32
		{6B37C407-5F24-47E7-A9C2-3865D58FD294}.Debug|Win32.Build.0 = Debug|Win32
		{6B37C407-5F24-47E7-A9C2-3865D58FD294}.Debug|x64.ActiveCfg = Debug|x64
		{6B37C407-5F24-47E7-A9C2-3865D58FD294}.Debug|x64.Build.0 = Debug|x64
		{6B37C407-5F24-47E7-A9C2-3865D58FD294}.Debug|x86.ActiveCfg = Debug|Win32
		{6B37C407-5F24-47E7-A9C2-3865D58FD294}.Debug|x86.Build.0 = Debug|Win32
		{6B37C407-5F24-47E7-A9C2-3865D58FD294}.Release|Any CPU.ActiveCfg = Release|Win32
		{6B37C407-5F24-47E7-A9C2-3865D58FD294}.Release|Mixed Platforms.ActiveCfg = Release|Win32
		{6B37C407-5F24-47E7-A9C2-3865D58FD294}.Release|Mixed Platforms.Build.0 = Release|Win32
		{6B37C407-5F24-47E7-A9C2-3865D58FD294}.Release|Win32.ActiveCfg = Release|Win32
		{6B37C407-5F24-47E7-A9C2-3865D58FD294}.Release|Win32.Build.0 = Release|Win32
		{6B37C407-5F24-47E7-A9C2-3865D58FD294}.Release|x64.ActiveCfg = Release|x64
		{6B37C407-5F24-47E7-A9C2-3865D58FD294}.Release|x64.Build.0 = Release|x64
		{6B37C407-5F24-47E7-A9C2-3865D58FD294}.Release|x86.ActiveCfg = Release|Win32
		{6B37C407-5F24-47E7-A9C2-3865D58FD294}.Release|x86.Build.0 = Release|Win32
		{89DC5349-80C7-46AD-B865-80773D5DB3EA}.Debug|Any CPU.ActiveCfg = Debug|Win32
		{89DC5349-80C7-46AD-B865-80773D5DB3EA}.Debug|Mixed Platforms.ActiveCfg = Debug|Win32
		{89DC5349-80C7-46AD-B865-80773D5DB3EA}.Debug|Mixed Platforms.Build.0 = Debug|Win32
		{89DC5349-80C7-46AD-B865-80773D5DB3EA}.Debug|Win32.ActiveCfg = Debug|Win32
		{89DC5349-80C7-46AD-B865-80773D5DB3EA}.Debug|Win32.Build.0 = Debug|Win32
		{89DC5349-80C7-46AD-B865-80773D5DB3EA}.Debug|x64.ActiveCfg = Debug|x64
		{89DC5349-80C7-46AD-B865-80773D5DB3EA}.Debug|x64.Build.0 = Debug|x64
		{89DC5349-80C7-46AD-B865-80773D5DB3EA}.Debug|x86.ActiveCfg = Debug|Win32
		{89DC5349-80C7-46AD-B865-80773D5DB3EA}.Debug|x86.Build.0 = Debug|Win32
		{89DC5349-80C7-46AD-B865-80773D5DB3EA}.Release|Any CPU.ActiveCfg = Release|Win32
		{89DC5349-80C7-46AD-B865-80773D5DB3EA}.Release|Mixed Platforms.ActiveCfg = Release|Win32
		{89DC5349-80C7-46AD-B865-80773D5DB3EA}.Release|Mixed Platforms.Build.0 = Release|Win32
		{89DC5349-80C7-46AD-B865-80773D5DB3EA}.Release|Win32.ActiveCfg = Release|Win32
		{89DC5349-80C7-46AD-B865-80773D5DB3EA}.Release|Win32.Build.0 = Release|Win32
		{89DC5349-80C7-46AD-B865-80773D5DB3EA}.Release|x64.ActiveCfg = Release|x64
		{89DC5349-80C7-46AD-B865-80773D5DB3EA}.Release|x64.Build.0 = Release|x64
		{89DC5349-80C7-46AD-B865-80773D5DB3EA}.Release|x86.ActiveCfg = Release|Win32
		{89DC5349-80C7-46AD-B865-80773D5DB3EA}.Release|x86.Build.0 = Release|Win32
		{A3627237-0621-4E27-8507-EF7EDDF1A684}.Debug|Any CPU.ActiveCfg = Debug|Win32
		{A3627237-0621-4E27-8507-EF7EDDF1A684}.Debug|Mixed Platforms.ActiveCfg = Debug|Win32
		{A3627237-0621-4E27-8507-EF7EDDF1A684}.Debug|Mixed Platforms.Build.0 = Debug|Win32
		{A3627237-0621-4E27-8507-EF7EDDF1A684}.Debug|Win32.ActiveCfg = Debug|Win32
		{A3627237-0621-4E27-8507-EF7EDDF1A684}.Debug|Win32.Build.0 = Debug|Win32
		{A3627237-0621-4E27-8507-EF7EDDF1A684}.Debug|x64.ActiveCfg = Debug|x64
		{A3627237-0621-4E27-8507-EF7EDDF1A684}.Debug|x64.Build.0 = Debug|x64
		{A3627237-0621-4E27-8507-EF7EDDF1A684}.Debug|x86.ActiveCfg = Debug|Win32
		{A3627237-0621-4E27-8507-EF7EDDF1A684}.Debug|x86.Build.0 = Debug|Win32
		{A3627237-0621-4E27-8507-EF7EDDF1A684}.Release|Any CPU.ActiveCfg = Release|Win32
		{A3627237-0621-4E27-8507-EF7EDDF1A684}.Release|Mixed Platforms.ActiveCfg = Release|Win32
		{A3627237-0621-4E27-8507-EF7EDDF1A684}.Release|Mixed Platforms.Build.0 = Release|Win32
		{A3627237-0621-4E27-8507-EF7EDDF1A684}.Release|Win32.ActiveCfg = Release|Win32
		{A3627237-0621-4E27-8507-EF7EDDF1A684}.Release|Win32.Build.0 = Release|Win32
		{A3627237-0621-4E27-8507-EF7EDDF1A684}.Release|x64.ActiveCfg = Release|x64
		{A3627237-0621-4E27-8507-EF7EDDF1A684}.Release|x64.Build.0 = Release|x64
		{A3627237-0621-4E27-8507-EF7EDDF1A684}.Release|x86.ActiveCfg = Release|Win32
		{A3627237-0621-4E27-8507-EF7EDDF1A684}.Release|x86.Build.0 = Release|Win32
		{74524ABC-B7D9-4420-B778-F193A698A15C}.Debug|Any CPU.ActiveCfg = Debug|Win32
		{74524ABC-B7D9-4420-B778-F193A698A15C}.Debug|Mixed Platforms.ActiveCfg = Debug|Win32
		{74524ABC-B7D9-4420-B778-F193A698A15C}.Debug|Mixed Platforms.Build.0 = Debug|Win32
		{74524ABC-B7D9-4420-B778-F193A698A15C}.Debug|Win32.ActiveCfg = Debug|Win32
		{74524ABC-B7D9-4420-B778-F193A698A15C}.Debug|Win32.Build.0 = Debug|Win32
		{74524ABC-B7D9-4420-B778-F193A698A15C}.Debug|x64.ActiveCfg = Debug|x64
		{74524ABC-B7D9-4420-B778-F193A698A15C}.Debug|x64.Build.0 = Debug|x64
		{74524ABC-B7D9-4420-B778-F193A698A15C}.Debug|x86.ActiveCfg = Debug|Win32
		{74524ABC-B7D9-4420-B778-F193A698A15C}.Debug|x86.Build.0 = Debug|Win32
		{74524ABC-B7D9-4420-B778-F193A698A15C}.Release|Any CPU.ActiveCfg = Release|Win32
		{74524ABC-B7D9-4420-B778-F193A698A15C}.Release|Mixed Platforms.ActiveCfg = Release|Win32
		{74524ABC-B7D9-4420-B778-F193A698A15C}.Release|Mixed Platforms.Build.0 = Release|Win32
		{74524ABC-B7D9-4420-B778-F193A698A15C}.Release|Win32.ActiveCfg = Release|Win32
		{74524ABC-B7D9-4420-B778-F193A698A15C}.Release|Win32.Build.0 = Release|Win32
		{74524ABC-B7D9-4420-B778-F193A698A15C}.Release|x64.ActiveCfg = Release|x64
		{74524ABC-B7D9-4420-B778-F193A698A15C}.Release|x64.Build.0 = Release|x64
		{74524ABC-B7D9-4420-B778-F193A698A15C}.Release|x86.ActiveCfg = Release|Win32
		{74524ABC-B7D9-4420-B778-F193A698A15C}.Release|x86.Build.0 = Release|Win32
		{DA15A94E-D47B-4E7F-96F3-B8412D44D8DC}.Debug|Any CPU.ActiveCfg = Debug|Win32
		{DA15A94E-D47B-4E7F-96F3-B8412D44D8DC}.Debug|Mixed Platforms.ActiveCfg = Debug|Win32
		{DA15A94E-D47B-4E7F-96F3-B8412D44D8DC}.Debug|Mixed Platforms.Build.0 = Debug|Win32
		{DA15A94E-D47B-4E7F-96F3-B8412D44D8DC}.Debug|Win32.ActiveCfg = Debug|Win32
		{DA15A94E-D47B-4E7F-96F3-B8412D44D8DC}.Debug|Win32.Build.0 = Debug|Win32
		{DA15A94E-D47B-4E7F-96F3-B8412D44D8DC}.Debug|x64.ActiveCfg = Debug|x64
		{DA15A94E-D47B-4E7F-96F3-B8412D44D8DC}.Debug|x64.Build.0 = Debug|x64
		{DA15A94E-D47B-4E7F-96F3-B8412D44D8DC}.Debug|x86.ActiveCfg = Debug|Win32
		{DA15A94E-D47B-4E7F-96F3-B8412D44D8DC}.Debug|x86.Build.0 = Debug|Win32
		{DA15A94E-D47B-4E7F-96F3-B8412D44D8DC}.Release|Any CPU.ActiveCfg = Release|Win32
		{DA15A94E-D47B-4E7F-96F3-B8412D44D8DC}.Release|Mixed Platforms.ActiveCfg = Release|Win32
		{DA15A94E-D47B-4E7F-96F3-B8412D44D8DC}.Release|Mixed Platforms.Build.0 = Release|Win32
		{DA15A94E-D47B-4E7F-96F3-B8412D44D8DC}.Release|Win32.ActiveCfg = Release|Win32
		{DA15A94E-D47B-4E7F-96F3-B8412D44D8DC}.Release|Win32.Build.0 = Release|Win32
		{DA15A94E-D47B-4E7F-96F3-B8412D44D8DC}.Release|x64.ActiveCfg = Release|x64
		{DA15A94E-D47B-4E7F-96F3-B8412D44D8DC}.Release|x64.Build.0 = Release|x64
		{DA15A94E-D47B-4E7F-96F3-B8412D44D8DC}.Release|x86.ActiveCfg = Release|Win32
		{DA15A94E-D47B-4E7F-96F3-B8412D44D8DC}.Release|x86.Build.0 = Release|Win32
		{60717A18-33E2-4B93-A9E4-2F070881E011}.Debug|Any CPU.ActiveCfg = Debug|Win32
		{60717A18-33E2-4B93-A9E4-2F070881E011}.Debug|Mixed Platforms.ActiveCfg = Debug|Win32
		{60717A18-33E2-4B93-A9E4-2F070881E011}.Debug|Mixed Platforms.Build.0 = Debug|Win32
		{60717A18-33E2-4B93-A9E4-2F070881E011}.Debug|Win32.ActiveCfg = Debug|Win32
		{60717A18-33E2-4B93-A9E4-2F070881E011}.Debug|Win32.Build.0 = Debug|Win32
		{60717A18-33E2-4B93-A9E4-2F070881E011}.Debug|x64.ActiveCfg = Debug|x64
		{60717A18-33E2-4B93-A9E4-2F070881E011}.Debug|x64.Build.0 = Debug|x64
		{60717A18-33E2-4B93-A9E4-2F070881E011}.Debug|x86.ActiveCfg = Debug|Win32
		{60717A18-33E2-4B93-A9E4-2F070881E011}.Debug|x86.Build.0 = Debug|Win32
		{60717A18-33E2-4B93-A9E4-2F070881E011}.Release|Any CPU.ActiveCfg = Release|Win32
		{60717A18-33E2-4B93-A9E4-2F070881E011}.Release|Mixed Platforms.ActiveCfg = Release|Win32
		{60717A18-33E2-4B93-A9E4-2F070881E011}.Release|Mixed Platforms.Build.0 = Release|Win32
		{60717A18-33E2-4B93-A9E4-2F070881E011}.Release|Win32.ActiveCfg = Release|Win32
		{60717A18-33E2-4B93-A9E4-2F070881E011}.Release|Win32.Build.0 = Release|Win32
		{60717A18-33E2-4B93-A9E4-2F070881E011}.Release|x64.ActiveCfg = Release|x64
		{60717A18-33E2-4B93-A9E4-2F070881E011}.Release|x64.Build.0 = Release|x64
		{60717A18-33E2-4B93-A9E4-2F070881E011}.Release|x86.ActiveCfg = Release|Win32
		{60717A18-33E2-4B93-A9E4-2F070881E011}.Release|x86.Build.0 = Release|Win32
		{2FEF24B3-3256-40E0-964D-F0461EFF5B5E}.Debug|Any CPU.ActiveCfg = Debug|Win32
		{2FEF24B3-3256-40E0-964D-F0461EFF5B5E}.Debug|Mixed Platforms.ActiveCfg = Debug|Win32
		{2FEF24B3-3256-40E0-964D-F0461EFF5B5E}.Debug|Mixed Platforms.Build.0 = Debug|Win32
		{2FEF24B3-3256-40E0-964D-F0461EFF5B5E}.Debug|Win32.ActiveCfg = Debug|Win32
		{2FEF24B3-3256-40E0-964D-F0461EFF5B5E}.Debug|Win32.Build.0 = Debug|Win32
		{2FEF24B3-3256-40E0-964D-F0461EFF5B5E}.Debug|x64.ActiveCfg = Debug|x64
		{2FEF24B3-3256-40E0-964D-F0461EFF5B5E}.Debug|x64.Build.0 = Debug|x64
		{2FEF24B3-3256-40E0-964D-F0461EFF5B5E}.Debug|x86.ActiveCfg = Debug|Win32
		{2FEF24B3-3256-40E0-964D-F0461EFF5B5E}.Debug|x86.Build.0 = Debug|Win32
		{2FEF24B3-3256-40E0-964D-F0461EFF5B5E}.Release|Any CPU.ActiveCfg = Release|Win32
		{2FEF24B3-3256-40E0-964D-F0461EFF5B5E}.Release|Mixed Platforms.ActiveCfg = Release|Win32
		{2FEF24B3-3256-40E0-964D-F0461EFF5B5E}.Release|Mixed Platforms.Build.0 = Release|Win32
		{2FEF24B3-3256-40E0-964D-F0461EFF5B5E}.Release|Win32.ActiveCfg = Release|Win32
		{2FEF24B3-3256-40E0-964D-F0461EFF5B5E}.Release|Win32.Build.0 = Release|Win32
		{2FEF24B3-3256-40E0-964D-F0461EFF5B5E}.Release|x64.ActiveCfg = Release|x64
		{2FEF24B3-3256-40E0-964D-F0461EFF5B5E}.Release|x64.Build.0 = Release|x64
		{2FEF24B3-3256-40E0-964D-F0461EFF5B5E}.Release|x86.ActiveCfg = Release|Win32
		{2FEF24B3-3256-40E0-964D-F0461EFF5B5E}.Release|x86.Build.0 = Release|Win32
		{63F21E8F-B8AC-4907-A540-ED86603281E3}.Debug|Any CPU.ActiveCfg = Debug|Win32
		{63F21E8F-B8AC-4907-A540-ED86603281E3}.Debug|Mixed Platforms.ActiveCfg = Debug|Win32
		{63F21E8F-B8AC-4907-A540-ED86603281E3}.Debug|Mixed Platforms.Build.0 = Debug|Win32
		{63F21E8F-B8AC-4907-A540-ED86603281E3}.Debug|Win32.ActiveCfg = Debug|Win32
		{63F21E8F-B8AC-4907-A540-ED86603281E3}.Debug|Win32.Build.0 = Debug|Win32
		{63F21E8F-B8AC-4907-A540-ED86603281E3}.Debug|x64.ActiveCfg = Debug|x64
		{63F21E8F-B8AC-4907-A540-ED86603281E3}.Debug|x64.Build.0 = Debug|x64
		{63F21E8F-B8AC-4907-A540-ED86603281E3}.Debug|x86.ActiveCfg = Debug|Win32
		{63F21E8F-B8AC-4907-A540-ED86603281E3}.Debug|x86.Build.0 = Debug|Win32
		{63F21E8F-B8AC-4907-A540-ED86603281E3}.Release|Any CPU.ActiveCfg = Release|Win32
		{63F21E8F-B8AC-4907-A540-ED86603281E3}.Release|Mixed Platforms.ActiveCfg = Release|Win32
		{63F21E8F-B8AC-4907-A540-ED86603281E3}.Release|Mixed Platforms.Build.0 = Release|Win32
		{63F21E8F-B8AC-4907-A540-ED86603281E3}.Release|Win32.ActiveCfg = Release|Win32
		{63F21E8F-B8AC-4907-A540-ED86603281E3}.Release|Win32.Build.0 = Release|Win32
		{63F21E8F-B8AC-4907-A540-ED86603281E3}.Release|x64.ActiveCfg = Release|x64
		{63F21E8F-B8AC-4907-A540-ED86603281E3}.Release|x64.Build.0 = Release|x64
		{63F21E8F-B8AC-4907-A540-ED86603281E3}.Release|x86.ActiveCfg = Release|Win32
		{63F21E8F-B8AC-4907-A540-ED86603281E3}.Release|x86.Build.0 = Release|Win32
		{01F22350-E272-4221-88B0-9142BED907AE}.Debug|Any CPU.ActiveCfg = Debug|Win32
		{01F22350-E272-4221-88B0-9142BED907AE}.Debug|Mixed Platforms.ActiveCfg = Debug|Win32
		{01F22350-E272-4221-88B0-9142BED907AE}.Debug|Mixed Platforms.Build.0 = Debug|Win32
		{01F22350-E272-4221-88B0-9142BED907AE}.Debug|Win32.ActiveCfg = Debug|Win32
		{01F22350-E272-4221-88B0-9142BED907AE}.Debug|Win32.Build.0 = Debug|Win32
		{01F22350-E272-4221-88B0-9142BED907AE}.Debug|x64.ActiveCfg = Debug|x64
		{01F22350-E272-4221-88B0-9142BED907AE}.Debug|x64.Build.0 = Debug|x64
		{01F22350-E272-4221-88B0-9142BED907AE}.Debug|x86.ActiveCfg = Debug|Win32
		{01F22350-E272-4221-88B0-9142BED907AE}.Debug|x86.Build.0 = Debug|Win32
		{01F22350-E272-4221-88B0-9142BED907AE}.Release|Any CPU.ActiveCfg = Release|Win32
		{01F22350-E272-4221-88B0-9142BED907AE}.Release|Mixed Platforms.ActiveCfg = Release|Win32
		{01F22350-E272-4221-88B0-9142BED907AE}.Release|Mixed Platforms.Build.0 = Release|Win32
		{01F22350-E272-4221-88B0-9142BED907AE}.Release|Win32.ActiveCfg = Release|Win32
		{01F22350-E272-4221-88B0-9142BED907AE}.Release|Win32.Build.0 = Release|Win32
		{01F22350-E272-4221-88B0-9142BED907AE}.Release|x64.ActiveCfg = Release|x64
		{01F22350-E272-4221-88B0-9142BED907AE}.Release|x64.Build.0 = Release|x64
		{01F22350-E272-4221-88B0-9142BED907AE}.Release|x86.ActiveCfg = Release|Win32
		{01F22350-E272-4221-88B0-9142BED907AE}.Release|x86.Build.0 = Release|Win32
		{CA241033-E350-4BD7-B221-CBC7551EF348}.Debug|Any CPU.ActiveCfg = Debug|Win32
		{CA241033-E350-4BD7-B221-CBC7551EF348}.Debug|Mixed Platforms.ActiveCfg = Debug|Win32
		{CA241033-E350-4BD7-B221-CBC7551EF348}.Debug|Mixed Platforms.Build.0 = Debug|Win32
		{CA241033-E350-4BD7-B221-CBC7551EF348}.Debug|Win32.ActiveCfg = Debug|Win32
		{CA241033-E350-4BD7-B221-CBC7551EF348}.Debug|Win32.Build.0 = Debug|Win32
		{CA241033-E350-4BD7-B221-CBC7551EF348}.Debug|x64.ActiveCfg = Debug|x64
		{CA241033-E350-4BD7-B221-CBC7551EF348}.Debug|x64.Build.0 = Debug|x64
		{CA241033-E350-4BD7-B221-CBC7551EF348}.Debug|x86.ActiveCfg = Debug|Win32
		{CA241033-E350-4BD7-B221-CBC7551EF348}.Debug|x86.Build.0 = Debug|Win32
		{CA241033-E350-4BD7-B221-CBC7551EF348}.Release|Any CPU.ActiveCfg = Release|Win32
		{CA241033-E350-4BD7-B221-CBC7551EF348}.Release|Mixed Platforms.ActiveCfg = Release|Win32
		{CA241033-E350-4BD7-B221-CBC7551EF348}.Release|Mixed Platforms.Build.0 = Release|Win32
		{CA241033-E350-4BD7-B221-CBC7551EF348}.Release|Win32.ActiveCfg = Release|Win32
		{CA241033-E350-4BD7-B221-CBC7551EF348}.Release|Win32.Build.0 = Release|Win32
		{CA241033-E350-4BD7-B221-CBC7551EF348}.Release|x64.ActiveCfg = Release|x64
		{CA241033-E350-4BD7-B221-CBC7551EF348}.Release|x64.Build.0 = Release|x64
		{CA241033-E350-4BD7-B221-CBC7551EF348}.Release|x86.ActiveCfg = Release|Win32
		{CA241033-E350-4BD7-B221-CBC7551EF348}.Release|x86.Build.0 = Release|Win32
		{F7D6334A-201F-4B6C-8004-FB4F1AEE2C00}.Debug|Any CPU.ActiveCfg = Debug|Win32
		{F7D6334A-201F-4B6C-8004-FB4F1AEE2C00}.Debug|Mixed Platforms.ActiveCfg = Debug|Win32
		{F7D6334A-201F-4B6C-8004-FB4F1AEE2C00}.Debug|Mixed Platforms.Build.0 = Debug|Win32
		{F7D6334A-201F-4B6C-8004-FB4F1AEE2C00}.Debug|Win32.ActiveCfg = Debug|Win32
		{F7D6334A-201F-4B6C-8004-FB4F1AEE2C00}.Debug|Win32.Build.0 = Debug|Win32
		{F7D6334A-201F-4B6C-8004-FB4F1AEE2C00}.Debug|x64.ActiveCfg = Debug|x64
		{F7D6334A-201F-4B6C-8004-FB4F1AEE2C00}.Debug|x64.Build.0 = Debug|x64
		{F7D6334A-201F-4B6C-8004-FB4F1AEE2C00}.Debug|x86.ActiveCfg = Debug|Win32
		{F7D6334A-201F-4B6C-8004-FB4F1AEE2C00}.Debug|x86.Build.0 = Debug|Win32
		{F7D6334A-201F-4B6C-8004-FB4F1AEE2C00}.Release|Any CPU.ActiveCfg = Release|Win32
		{F7D6334A-201F-4B6C-8004-FB4F1AEE2C00}.Release|Mixed Platforms.ActiveCfg = Release|Win32
		{F7D6334A-201F-4B6C-8004-FB4F1AEE2C00}.Release|Mixed Platforms.Build.0 = Release|Win32
		{F7D6334A-201F-4B6C-8004-FB4F1AEE2C00}.Release|Win32.ActiveCfg = Release|Win32
		{F7D6334A-201F-4B6C-8004-FB4F1AEE2C00}.Release|Win32.Build.0 = Release|Win32
		{F7D6334A-201F-4B6C-8004-FB4F1AEE2C00}.Release|x64.ActiveCfg = Release|x64
		{F7D6334A-201F-4B6C-8004-FB4F1AEE2C00}.Release|x64.Build.0 = Release|x64
		{F7D6334A-201F-4B6C-8004-FB4F1AEE2C00}.Release|x86.ActiveCfg = Release|Win32
		{F7D6334A-201F-4B6C-8004-FB4F1AEE2C00}.Release|x86.Build.0 = Release|Win32
		{2217F374-967E-4B97-B8E1-6D3B6BEB24A3}.Debug|Any CPU.ActiveCfg = Debug|Win32
		{2217F374-967E-4B97-B8E1-6D3B6BEB24A3}.Debug|Mixed Platforms.ActiveCfg = Debug|Win32
		{2217F374-967E-4B97-B8E1-6D3B6BEB24A3}.Debug|Mixed Platforms.Build.0 = Debug|Win32
		{2217F374-967E-4B97-B8E1-6D3B6BEB24A3}.Debug|Win32.ActiveCfg = Debug|Win32
		{2217F374-967E-4B97-B8E1-6D3B6BEB24A3}.Debug|Win32.Build.0 = Debug|Win32
		{2217F374-967E-4B97-B8E1-6D3B6BEB24A3}.Debug|x64.ActiveCfg = Debug|x64
		{2217F374-967E-4B97-B8E1-6D3B6BEB24A3}.Debug|x64.Build.0 = Debug|x64
		{2217F374-967E-4B97-B8E1-6D3B6BEB24A3}.Debug|x86.ActiveCfg = Debug|Win32
		{2217F374-967E-4B97-B8E1-6D3B6BEB24A3}.Debug|x86.Build.0 = Debug|Win32
		{2217F374-967E-4B97-B8E1-6D3B6BEB24A3}.Release|Any CPU.ActiveCfg = Release|Win32
		{2217F374-967E-4B97-B8E1-6D3B6BEB24A3}.Release|Mixed Platforms.ActiveCfg = Release|Win32
		{2217F374-967E-4B97-B8E1-6D3B6BEB24A3}.Release|Mixed Platforms.Build.0 = Release|Win32
		{2217F374-967E-4B97-B8E1-6D3B6BEB24A3}.Release|Win32.ActiveCfg = Release|Win32
		{2217F374-967E-4B97-B8E1-6D3B6BEB24A3}.Release|Win32.Build.0 = Release|Win32
		{2217F374-967E-4B97-B8E1-6D3B6BEB24A3}.Release|x64.ActiveCfg = Release|x64
		{2217F374-967E-4B97-B8E1-6D3B6BEB24A3}.Release|x64.Build.0 = Release|x64
		{2217F374-967E-4B97-B8E1-6D3B6BEB24A3}.Release|x86.ActiveCfg = Release|Win32
		{2217F374-967E-4B97-B8E1-6D3B6BEB24A3}.Release|x86.Build.0 = Release|Win32
		{FC8BD4B8-77F1-47A4-875F-29049094F177}.Debug|Any CPU.ActiveCfg = Debug|Win32
		{FC8BD4B8-77F1-47A4-875F-29049094F177}.Debug|Mixed Platforms.ActiveCfg = Debug|Win32
		{FC8BD4B8-77F1-47A4-875F-29049094F177}.Debug|Mixed Platforms.Build.0 = Debug|Win32
		{FC8BD4B8-77F1-47A4-875F-29049094F177}.Debug|Win32.ActiveCfg = Debug|Win32
		{FC8BD4B8-77F1-47A4-875F-29049094F177}.Debug|Win32.Build.0 = Debug|Win32
		{FC8BD4B8-77F1-47A4-875F-29049094F177}.Debug|x64.ActiveCfg = Debug|x64
		{FC8BD4B8-77F1-47A4-875F-29049094F177}.Debug|x64.Build.0 = Debug|x64
		{FC8BD4B8-77F1-47A4-875F-29049094F177}.Debug|x86.ActiveCfg = Debug|Win32
		{FC8BD4B8-77F1-47A4-875F-29049094F177}.Debug|x86.Build.0 = Debug|Win32
		{FC8BD4B8-77F1-47A4-875F-29049094F177}.Release|Any CPU.ActiveCfg = Release|Win32
		{FC8BD4B8-77F1-47A4-875F-29049094F177}.Release|Mixed Platforms.ActiveCfg = Release|Win32
		{FC8BD4B8-77F1-47A4-875F-29049094F177}.Release|Mixed Platforms.Build.0 = Release|Win32
		{FC8BD4B8-77F1-47A4-875F-29049094F177}.Release|Win32.ActiveCfg = Release|Win32
		{FC8BD4B8-77F1-47A4-875F-29049094F177}.Release|Win32.Build.0 = Release|Win32
		{FC8BD4B8-77F1-47A4-875F-29049094F177}.Release|x64.ActiveCfg = Release|x64
		{FC8BD4B8-77F1-47A4-875F-29049094F177}.Release|x64.Build.0 = Release|x64
		{FC8BD4B8-77F1-47A4-875F-29049094F177}.Release|x86.ActiveCfg = Release|Win32
		{FC8BD4B8-77F1-47A4-875F-29049094F177}.Release|x86.Build.0 = Release|Win32
		{4D9D7B7C-B4B8-4FCA-83BE-88740B7A13DE}.Debug|Any CPU.ActiveCfg = Debug|Win32
		{4D9D7B7C-B4B8-4FCA-83BE-88740B7A13DE}.Debug|Mixed Platforms.ActiveCfg = Debug|Win32
		{4D9D7B7C-B4B8-4FCA-83BE-88740B7A13DE}.Debug|Mixed Platforms.Build.0 = Debug|Win32
		{4D9D7B7C-B4B8-4FCA-83BE-88740B7A13DE}.Debug|Win32.ActiveCfg = Debug|Win32
		{4D9D7B7C-B4B8-4FCA-83BE-88740B7A13DE}.Debug|Win32.Build.0 = Debug|Win32
		{4D9D7B7C-B4B8-4FCA-83BE-88740B7A13DE}.Debug|x64.ActiveCfg = Debug|x64
		{4D9D7B7C-B4B8-4FCA-83BE-88740B7A13DE}.Debug|x64.Build.0 = Debug|x64
		{4D9D7B7C-B4B8-4FCA-83BE-88740B7A13DE}.Debug|x86.ActiveCfg = Debug|Win32
		{4D9D7B7C-B4B8-4FCA-83BE-88740B7A13DE}.Debug|x86.Build.0 = Debug|Win32
		{4D9D7B7C-B4B8-4FCA-83BE-88740B7A13DE}.Release|Any CPU.ActiveCfg = Release|Win32
		{4D9D7B7C-B4B8-4FCA-83BE-88740B7A13DE}.Release|Mixed Platforms.ActiveCfg = Release|Win32
		{4D9D7B7C-B4B8-4FCA-83BE-88740B7A13DE}.Release|Mixed Platforms.Build.0 = Release|Win32
		{4D9D7B7C-B4B8-4FCA-83BE-88740B7A13DE}.Release|Win32.ActiveCfg = Release|Win32
		{4D9D7B7C-B4B8-4FCA-83BE-88740B7A13DE}.Release|Win32.Build.0 = Release|Win32
		{4D9D7B7C-B4B8-4FCA-83BE-88740B7A13DE}.Release|x64.ActiveCfg = Release|x64
		{4D9D7B7C-B4B8-4FCA-83BE-88740B7A13DE}.Release|x64.Build.0 = Release|x64
		{4D9D7B7C-B4B8-4FCA-83BE-88740B7A13DE}.Release|x86.ActiveCfg = Release|Win32
		{4D9D7B7C-B4B8-4FCA-83BE-88740B7A13DE}.Release|x86.Build.0 = Release|Win32
		{FD27D5BC-3A30-479D-B36D-3E8BC1064216}.Debug|Any CPU.ActiveCfg = Debug|Win32
		{FD27D5BC-3A30-479D-B36D-3E8BC1064216}.Debug|Mixed Platforms.ActiveCfg = Debug|Win32
		{FD27D5BC-3A30-479D-B36D-3E8BC1064216}.Debug|Mixed Platforms.Build.0 = Debug|Win32
		{FD27D5BC-3A30-479D-B36D-3E8BC1064216}.Debug|Win32.ActiveCfg = Debug|Win32
		{FD27D5BC-3A30-479D-B36D-3E8BC1064216}.Debug|Win32.Build.0 = Debug|Win32
		{FD27D5BC-3A30-479D-B36D-3E8BC1064216}.Debug|x64.ActiveCfg = Debug|x64
		{FD27D5BC-3A30-479D-B36D-3E8BC1064216}.Debug|x64.Build.0 = Debug|x64
		{FD27D5BC-3A30-479D-B36D-3E8BC1064216}.Debug|x86.ActiveCfg = Debug|Win32
		{FD27D5BC-3A30-479D-B36D-3E8BC1064216}.Debug|x86.Build.0 = Debug|Win32
		{FD27D5BC-3A30-479D-B36D-3E8BC1064216}.Release|Any CPU.ActiveCfg = Release|Win32
		{FD27D5BC-3A30-479D-B36D-3E8BC1064216}.Release|Mixed Platforms.ActiveCfg = Release|Win32
		{FD27D5BC-3A30-479D-B36D-3E8BC1064216}.Release|Mixed Platforms.Build.0 = Release|Win32
		{FD27D5BC-3A30-479D-B36D-3E8BC1064216}.Release|Win32.ActiveCfg = Release|Win32
		{FD27D5BC-3A30-479D-B36D-3E8BC1064216}.Release|Win32.Build.0 = Release|Win32
		{FD27D5BC-3A30-479D-B36D-3E8BC1064216}.Release|x64.ActiveCfg = Release|x64
		{FD27D5BC-3A30-479D-B36D-3E8BC1064216}.Release|x64.Build.0 = Release|x64
		{FD27D5BC-3A30-479D-B36D-3E8BC1064216}.Release|x86.ActiveCfg = Release|Win32
		{FD27D5BC-3A30-479D-B36D-3E8BC1064216}.Release|x86.Build.0 = Release|Win32
		{1E1C3798-4A93-461A-9311-412D46D4F900}.Debug|Any CPU.ActiveCfg = Debug|Win32
		{1E1C3798-4A93-461A-9311-412D46D4F900}.Debug|Mixed Platforms.ActiveCfg = Debug|Win32
		{1E1C3798-4A93-461A-9311-412D46D4F900}.Debug|Mixed Platforms.Build.0 = Debug|Win32
		{1E1C3798-4A93-461A-9311-412D46D4F900}.Debug|Win32.ActiveCfg = Debug|Win32
		{1E1C3798-4A93-461A-9311-412D46D4F900}.Debug|Win32.Build.0 = Debug|Win32
		{1E1C3798-4A93-461A-9311-412D46D4F900}.Debug|x64.ActiveCfg = Debug|x64
		{1E1C3798-4A93-461A-9311-412D46D4F900}.Debug|x64.Build.0 = Debug|x64
		{1E1C3798-4A93-461A-9311-412D46D4F900}.Debug|x86.ActiveCfg = Debug|Win32
		{1E1C3798-4A93-461A-9311-412D46D4F900}.Debug|x86.Build.0 = Debug|Win32
		{1E1C3798-4A93-461A-9311-412D46D4F900}.Release|Any CPU.ActiveCfg = Release|Win32
		{1E1C3798-4A93-461A-9311-412D46D4F900}.Release|Mixed Platforms.ActiveCfg = Release|Win32
		{1E1C3798-4A93-461A-9311-412D46D4F900}.Release|Mixed Platforms.Build.0 = Release|Win32
		{1E1C3798-4A93-461A-9311-412D46D4F900}.Release|Win32.ActiveCfg = Release|Win32
		{1E1C3798-4A93-461A-9311-412D46D4F900}.Release|Win32.Build.0 = Release|Win32
		{1E1C3798-4A93-461A-9311-412D46D4F900}.Release|x64.ActiveCfg = Release|x64
		{1E1C3798-4A93-461A-9311-412D46D4F900}.Release|x64.Build.0 = Release|x64
		{1E1C3798-4A93-461A-9311-412D46D4F900}.Release|x86.ActiveCfg = Release|Win32
		{1E1C3798-4A93-461A-9311-412D46D4F900}.Release|x86.Build.0 = Release|Win32
		{378803F2-4EF7-47B3-B993-B2FABBCC4210}.Debug|Any CPU.ActiveCfg = Debug|Win32
		{378803F2-4EF7-47B3-B993-B2FABBCC4210}.Debug|Mixed Platforms.ActiveCfg = Debug|Win32
		{378803F2-4EF7-47B3-B993-B2FABBCC4210}.Debug|Mixed Platforms.Build.0 = Debug|Win32
		{378803F2-4EF7-47B3-B993-B2FABBCC4210}.Debug|Win32.ActiveCfg = Debug|Win32
		{378803F2-4EF7-47B3-B993-B2FABBCC4210}.Debug|Win32.Build.0 = Debug|Win32
		{378803F2-4EF7-47B3-B993-B2FABBCC4210}.Debug|x64.ActiveCfg = Debug|x64
		{378803F2-4EF7-47B3-B993-B2FABBCC4210}.Debug|x64.Build.0 = Debug|x64
		{378803F2-4EF7-47B3-B993-B2FABBCC4210}.Debug|x86.ActiveCfg = Debug|Win32
		{378803F2-4EF7-47B3-B993-B2FABBCC4210}.Debug|x86.Build.0 = Debug|Win32
		{378803F2-4EF7-47B3-B993-B2FABBCC4210}.Release|Any CPU.ActiveCfg = Release|Win32
		{378803F2-4EF7-47B3-B993-B2FABBCC4210}.Release|Mixed Platforms.ActiveCfg = Release|Win32
		{378803F2-4EF7-47B3-B993-B2FABBCC4210}.Release|Mixed Platforms.Build.0 = Release|Win32
		{378803F2-4EF7-47B3-B993-B2FABBCC4210}.Release|Win32.ActiveCfg = Release|Win32
		{378803F2-4EF7-47B3-B993-B2FABBCC4210}.Release|Win32.Build.0 = Release|Win32
		{378803F2-4EF7-47B3-B993-B2FABBCC4210}.Release|x64.ActiveCfg = Release|x64
		{378803F2-4EF7-47B3-B993-B2FABBCC4210}.Release|x64.Build.0 = Release|x64
		{378803F2-4EF7-47B3-B993-B2FABBCC4210}.Release|x86.ActiveCfg = Release|Win32
		{378803F2-4EF7-47B3-B993-B2FABBCC4210}.Release|x86.Build.0 = Release|Win32
		{2DC5212A-B406-46CA-8026-339E204800D3}.Debug|Any CPU.ActiveCfg = Debug|Win32
		{2DC5212A-B406-46CA-8026-339E204800D3}.Debug|Mixed Platforms.ActiveCfg = Debug|Win32
		{2DC5212A-B406-46CA-8026-339E204800D3}.Debug|Mixed Platforms.Build.0 = Debug|Win32
		{2DC5212A-B406-46CA-8026-339E204800D3}.Debug|Win32.ActiveCfg = Debug|Win32
		{2DC5212A-B406-46CA-8026-339E204800D3}.Debug|Win32.Build.0 = Debug|Win32
		{2DC5212A-B406-46CA-8026-339E204800D3}.Debug|x64.ActiveCfg = Debug|x64
		{2DC5212A-B406-46CA-8026-339E204800D3}.Debug|x64.Build.0 = Debug|x64
		{2DC5212A-B406-46CA-8026-339E204800D3}.Debug|x86.ActiveCfg = Debug|Win32
		{2DC5212A-B406-46CA-8026-339E204800D3}.Debug|x86.Build.0 = Debug|Win32
		{2DC5212A-B406-46CA-8026-339E204800D3}.Release|Any CPU.ActiveCfg = Release|Win32
		{2DC5212A-B406-46CA-8026-339E204800D3}.Release|Mixed Platforms.ActiveCfg = Release|Win32
		{2DC5212A-B406-46CA-8026-339E204800D3}.Release|Mixed Platforms.Build.0 = Release|Win32
		{2DC5212A-B406-46CA-8026-339E204800D3}.Release|Win32.ActiveCfg = Release|Win32
		{2DC5212A-B406-46CA-8026-339E204800D3}.Release|Win32.Build.0 = Release|Win32
		{2DC5212A-B406-46CA-8026-339E204800D3}.Release|x64.ActiveCfg = Release|x64
		{2DC5212A-B406-46CA-8026-339E204800D3}.Release|x64.Build.0 = Release|x64
		{2DC5212A-B406-46CA-8026-339E204800D3}.Release|x86.ActiveCfg = Release|Win32
		{2DC5212A-B406-46CA-8026-339E204800D3}.Release|x86.Build.0 = Release|Win32
		{C6928BC8-96FB-420C-BB31-9AEF62228518}.Debug|Any CPU.ActiveCfg = Debug|Win32
		{C6928BC8-96FB-420C-BB31-9AEF62228518}.Debug|Mixed Platforms.ActiveCfg = Debug|Win32
		{C6928BC8-96FB-420C-BB31-9AEF62228518}.Debug|Mixed Platforms.Build.0 = Debug|Win32
		{C6928BC8-96FB-420C-BB31-9AEF62228518}.Debug|Win32.ActiveCfg = Debug|Win32
		{C6928BC8-96FB-420C-BB31-9AEF62228518}.Debug|Win32.Build.0 = Debug|Win32
		{C6928BC8-96FB-420C-BB31-9AEF62228518}.Debug|x64.ActiveCfg = Debug|x64
		{C6928BC8-96FB-420C-BB31-9AEF62228518}.Debug|x64.Build.0 = Debug|x64
		{C6928BC8-96FB-420C-BB31-9AEF62228518}.Debug|x86.ActiveCfg = Debug|Win32
		{C6928BC8-96FB-420C-BB31-9AEF62228518}.Debug|x86.Build.0 = Debug|Win32
		{C6928BC8-96FB-420C-BB31-9AEF62228518}.Release|Any CPU.ActiveCfg = Release|Win32
		{C6928BC8-96FB-420C-BB31-9AEF62228518}.Release|Mixed Platforms.ActiveCfg = Release|Win32
		{C6928BC8-96FB-420C-BB31-9AEF62228518}.Release|Mixed Platforms.Build.0 = Release|Win32
		{C6928BC8-96FB-420C-BB31-9AEF62228518}.Release|Win32.ActiveCfg = Release|Win32
		{C6928BC8-96FB-420C-BB31-9AEF62228518}.Release|Win32.Build.0 = Release|Win32
		{C6928BC8-96FB-420C-BB31-9AEF62228518}.Release|x64.ActiveCfg = Release|x64
		{C6928BC8-96FB-420C-BB31-9AEF62228518}.Release|x64.Build.0 = Release|x64
		{C6928BC8-96FB-420C-BB31-9AEF62228518}.Release|x86.ActiveCfg = Release|Win32
		{C6928BC8-96FB-420C-BB31-9AEF62228518}.Release|x86.Build.0 = Release|Win32
		{5834EACE-74D1-4E7F-997F-9E19230A8D18}.Debug|Any CPU.ActiveCfg = Debug|Win32
		{5834EACE-74D1-4E7F-997F-9E19230A8D18}.Debug|Mixed Platforms.ActiveCfg = Debug|Win32
		{5834EACE-74D1-4E7F-997F-9E19230A8D18}.Debug|Mixed Platforms.Build.0 = Debug|Win32
		{5834EACE-74D1-4E7F-997F-9E19230A8D18}.Debug|Win32.ActiveCfg = Debug|Win32
		{5834EACE-74D1-4E7F-997F-9E19230A8D18}.Debug|Win32.Build.0 = Debug|Win32
		{5834EACE-74D1-4E7F-997F-9E19230A8D18}.Debug|x64.ActiveCfg = Debug|x64
		{5834EACE-74D1-4E7F-997F-9E19230A8D18}.Debug|x64.Build.0 = Debug|x64
		{5834EACE-74D1-4E7F-997F-9E19230A8D18}.Debug|x86.ActiveCfg = Debug|Win32
		{5834EACE-74D1-4E7F-997F-9E19230A8D18}.Debug|x86.Build.0 = Debug|Win32
		{5834EACE-74D1-4E7F-997F-9E19230A8D18}.Release|Any CPU.ActiveCfg = Release|Win32
		{5834EACE-74D1-4E7F-997F-9E19230A8D18}.Release|Mixed Platforms.ActiveCfg = Release|Win32
		{5834EACE-74D1-4E7F-997F-9E19230A8D18}.Release|Mixed Platforms.Build.0 = Release|Win32
		{5834EACE-74D1-4E7F-997F-9E19230A8D18}.Release|Win32.ActiveCfg = Release|Win32
		{5834EACE-74D1-4E7F-997F-9E19230A8D18}.Release|Win32.Build.0 = Release|Win32
		{5834EACE-74D1-4E7F-997F-9E19230A8D18}.Release|x64.ActiveCfg = Release|x64
		{5834EACE-74D1-4E7F-997F-9E19230A8D18}.Release|x64.Build.0 = Release|x64
		{5834EACE-74D1-4E7F-997F-9E19230A8D18}.Release|x86.ActiveCfg = Release|Win32
		{5834EACE-74D1-4E7F-997F-9E19230A8D18}.Release|x86.Build.0 = Release|Win32
		{D2F5AFDC-931C-4359-A131-41CF31D2CEF1}.Debug|Any CPU.ActiveCfg = Debug|Win32
		{D2F5AFDC-931C-4359-A131-41CF31D2CEF1}.Debug|Mixed Platforms.ActiveCfg = Debug|Win32
		{D2F5AFDC-931C-4359-A131-41CF31D2CEF1}.Debug|Mixed Platforms.Build.0 = Debug|Win32
		{D2F5AFDC-931C-4359-A131-41CF31D2CEF1}.Debug|Win32.ActiveCfg = Debug|Win32
		{D2F5AFDC-931C-4359-A131-41CF31D2CEF1}.Debug|Win32.Build.0 = Debug|Win32
		{D2F5AFDC-931C-4359-A131-41CF31D2CEF1}.Debug|x64.ActiveCfg = Debug|x64
		{D2F5AFDC-931C-4359-A131-41CF31D2CEF1}.Debug|x64.Build.0 = Debug|x64
		{D2F5AFDC-931C-4359-A131-41CF31D2CEF1}.Debug|x86.ActiveCfg = Debug|Win32
		{D2F5AFDC-931C-4359-A131-41CF31D2CEF1}.Debug|x86.Build.0 = Debug|Win32
		{D2F5AFDC-931C-4359-A131-41CF31D2CEF1}.Release|Any CPU.ActiveCfg = Release|Win32
		{D2F5AFDC-931C-4359-A131-41CF31D2CEF1}.Release|Mixed Platforms.ActiveCfg = Release|Win32
		{D2F5AFDC-931C-4359-A131-41CF31D2CEF1}.Release|Mixed Platforms.Build.0 = Release|Win32
		{D2F5AFDC-931C-4359-A131-41CF31D2CEF1}.Release|Win32.ActiveCfg = Release|Win32
		{D2F5AFDC-931C-4359-A131-41CF31D2CEF1}.Release|Win32.Build.0 = Release|Win32
		{D2F5AFDC-931C-4359-A131-41CF31D2CEF1}.Release|x64.ActiveCfg = Release|x64
		{D2F5AFDC-931C-4359-A131-41CF31D2CEF1}.Release|x64.Build.0 = Release|x64
		{D2F5AFDC-931C-4359-A131-41CF31D2CEF1}.Release|x86.ActiveCfg = Release|Win32
		{D2F5AFDC-931C-4359-A131-41CF31D2CEF1}.Release|x86.Build.0 = Release|Win32
	EndGlobalSection
	GlobalSection(SolutionProperties) = preSolution
		HideSolutionNode = FALSE
	EndGlobalSection
	GlobalSection(ExtensibilityGlobals) = postSolution
		SolutionGuid = {963503ED-E65D-4217-B1D9-09B08C345565}
	EndGlobalSection
EndGlobal
